<?xml version="1.0"?>
<CONFIG>
  <ProjectOptions>
    <PathDelim Value="/"/>
    <Version Value="7"/>
    <General>
      <Flags>
        <AlwaysBuild Value="False"/>
        <LRSInOutputDirectory Value="False"/>
      </Flags>
      <MainUnit Value="0"/>
      <TargetFileExt Value=""/>
      <Title Value="PersaDic"/>
      <ActiveEditorIndexAtStart Value="5"/>
    </General>
    <PublishOptions>
      <Version Value="2"/>
      <IgnoreBinaries Value="False"/>
      <IncludeFileFilter Value="*.(pas|pp|inc|lfm|lpr|lrs|lpi|lpk|sh|xml)"/>
      <ExcludeFileFilter Value="*.(bak|ppu|ppw|o|so);*~;backup"/>
    </PublishOptions>
    <RunParams>
      <local>
        <FormatVersion Value="1"/>
        <CommandLineParams Value=">Output.txt"/>
        <LaunchingApplication PathPlusParams="/usr/X11R6/bin/xterm -T 'Lazarus Run Output' -e $(LazarusDir)/tools/runwait.sh $(TargetCmdLine)"/>
        <Display Use="True"/>
      </local>
    </RunParams>
    <Units Count="51">
      <Unit0>
        <Filename Value="PersaDic.lpr"/>
        <IsPartOfProject Value="True"/>
        <UnitName Value="PersaDic"/>
        <CursorPos X="60" Y="23"/>
        <TopLine Value="1"/>
        <EditorIndex Value="8"/>
        <UsageCount Value="211"/>
        <Loaded Value="True"/>
        <SyntaxHighlighter Value="Delphi"/>
      </Unit0>
      <Unit1>
        <Filename Value="PipeWrapperUnit.pp"/>
        <IsPartOfProject Value="True"/>
        <UnitName Value="PipeWrapperUnit"/>
        <CursorPos X="1" Y="37"/>
        <TopLine Value="9"/>
        <UsageCount Value="211"/>
      </Unit1>
      <Unit2>
        <Filename Value="ResidentApplicationUnit.pp"/>
        <IsPartOfProject Value="True"/>
        <UnitName Value="ResidentApplicationUnit"/>
        <CursorPos X="53" Y="526"/>
        <TopLine Value="513"/>
        <EditorIndex Value="5"/>
        <UsageCount Value="211"/>
        <Loaded Value="True"/>
        <SyntaxHighlighter Value="Delphi"/>
      </Unit2>
      <Unit3>
        <Filename Value="Page1ResidentUnit.pp"/>
        <IsPartOfProject Value="True"/>
        <UnitName Value="Page1ResidentUnit"/>
        <CursorPos X="1" Y="33"/>
        <TopLine Value="17"/>
        <UsageCount Value="211"/>
        <SyntaxHighlighter Value="Delphi"/>
      </Unit3>
      <Unit4>
        <Filename Value="BaseClassUnit.pp"/>
        <IsPartOfProject Value="True"/>
        <UnitName Value="BaseClassUnit"/>
        <CursorPos X="34" Y="28"/>
        <TopLine Value="20"/>
        <UsageCount Value="210"/>
      </Unit4>
      <Unit5>
        <Filename Value="CollectionBaseUnit.pp"/>
        <UnitName Value="CollectionBaseUnit"/>
        <CursorPos X="1" Y="1"/>
        <TopLine Value="1"/>
        <UsageCount Value="122"/>
      </Unit5>
      <Unit6>
        <Filename Value="CollectionUnit.pp"/>
        <IsPartOfProject Value="True"/>
        <UnitName Value="CollectionUnit"/>
        <CursorPos X="3" Y="948"/>
        <TopLine Value="943"/>
        <UsageCount Value="210"/>
        <SyntaxHighlighter Value="Delphi"/>
      </Unit6>
      <Unit7>
        <Filename Value="WebUnit.pp"/>
        <IsPartOfProject Value="True"/>
        <UnitName Value="WebUnit"/>
        <CursorPos X="20" Y="256"/>
        <TopLine Value="243"/>
        <EditorIndex Value="2"/>
        <UsageCount Value="208"/>
        <Loaded Value="True"/>
        <SyntaxHighlighter Value="Delphi"/>
      </Unit7>
      <Unit8>
        <Filename Value="../../PageHandlerBaseUnit.pp"/>
        <IsPartOfProject Value="True"/>
        <UnitName Value="PageHandlerBaseUnit"/>
        <CursorPos X="1" Y="1"/>
        <TopLine Value="1"/>
        <UsageCount Value="200"/>
        <Bookmarks Count="1">
          <Item0 X="1" Y="152" ID="3"/>
        </Bookmarks>
        <SyntaxHighlighter Value="Delphi"/>
      </Unit8>
      <Unit9>
        <Filename Value="Page2ResidentUnit.pp"/>
        <IsPartOfProject Value="True"/>
        <UnitName Value="Page2ResidentUnit"/>
        <CursorPos X="22" Y="54"/>
        <TopLine Value="29"/>
        <UsageCount Value="214"/>
        <SyntaxHighlighter Value="Delphi"/>
      </Unit9>
      <Unit10>
        <Filename Value="ThisApplicationPagesUnit.pp"/>
        <IsPartOfProject Value="True"/>
        <UnitName Value="ThisApplicationPagesUnit"/>
        <CursorPos X="1" Y="16"/>
        <TopLine Value="16"/>
        <UsageCount Value="207"/>
        <SyntaxHighlighter Value="Delphi"/>
      </Unit10>
      <Unit11>
        <Filename Value="substrings.pp"/>
        <IsPartOfProject Value="True"/>
        <UnitName Value="SubStrings"/>
        <CursorPos X="8" Y="137"/>
        <TopLine Value="121"/>
        <UsageCount Value="204"/>
        <SyntaxHighlighter Value="Delphi"/>
      </Unit11>
      <Unit12>
        <Filename Value="URLEnc.pp"/>
        <IsPartOfProject Value="True"/>
        <UnitName Value="URLEnc"/>
        <CursorPos X="10" Y="38"/>
        <TopLine Value="23"/>
        <UsageCount Value="207"/>
        <SyntaxHighlighter Value="Delphi"/>
      </Unit12>
      <Unit13>
        <Filename Value="SessionManagerUnit.pp"/>
        <IsPartOfProject Value="True"/>
        <UnitName Value="SessionManagerUnit"/>
        <CursorPos X="1" Y="116"/>
        <TopLine Value="106"/>
        <UsageCount Value="200"/>
        <SyntaxHighlighter Value="Delphi"/>
      </Unit13>
      <Unit14>
        <Filename Value="WebStringUnit.pp"/>
        <IsPartOfProject Value="True"/>
        <UnitName Value="WebStringUnit"/>
        <CursorPos X="3" Y="53"/>
        <TopLine Value="31"/>
        <UsageCount Value="256"/>
        <SyntaxHighlighter Value="Delphi"/>
      </Unit14>
      <Unit15>
        <Filename Value="RequestsQueue.pp"/>
        <IsPartOfProject Value="True"/>
        <UnitName Value="RequestsQueue"/>
        <CursorPos X="1" Y="259"/>
        <TopLine Value="242"/>
        <UsageCount Value="250"/>
        <Bookmarks Count="1">
          <Item0 X="1" Y="255" ID="2"/>
        </Bookmarks>
        <SyntaxHighlighter Value="Delphi"/>
      </Unit15>
      <Unit16>
        <Filename Value="XML Handler/XMLNode.pp"/>
        <IsPartOfProject Value="True"/>
        <UnitName Value="XMLNode"/>
        <CursorPos X="1" Y="244"/>
        <TopLine Value="236"/>
        <UsageCount Value="202"/>
      </Unit16>
      <Unit17>
        <Filename Value="XML Handler/AttributeUnit.pp"/>
        <IsPartOfProject Value="True"/>
        <UnitName Value="AttributeUnit"/>
        <CursorPos X="13" Y="59"/>
        <TopLine Value="45"/>
        <UsageCount Value="202"/>
      </Unit17>
      <Unit18>
        <Filename Value="ThreadingUnit.pp"/>
        <UnitName Value="ThreadingUnit"/>
        <CursorPos X="1" Y="130"/>
        <TopLine Value="97"/>
        <UsageCount Value="65"/>
        <Bookmarks Count="1">
          <Item0 X="40" Y="118" ID="1"/>
        </Bookmarks>
        <SyntaxHighlighter Value="Delphi"/>
      </Unit18>
      <Unit19>
        <Filename Value="ThisProjectGlobalUnit.pp"/>
        <IsPartOfProject Value="True"/>
        <UnitName Value="ThisProjectGlobalUnit"/>
        <CursorPos X="3" Y="26"/>
        <TopLine Value="13"/>
        <EditorIndex Value="0"/>
        <UsageCount Value="219"/>
        <Loaded Value="True"/>
        <SyntaxHighlighter Value="Delphi"/>
      </Unit19>
      <Unit20>
        <Filename Value="ExceptionUnit.pas"/>
        <IsPartOfProject Value="True"/>
        <UnitName Value="ExceptionUnit"/>
        <CursorPos X="17" Y="31"/>
        <TopLine Value="16"/>
        <UsageCount Value="255"/>
        <SyntaxHighlighter Value="Delphi"/>
      </Unit20>
      <Unit21>
        <Filename Value="AbstractHandlerUnit.pp"/>
        <IsPartOfProject Value="True"/>
        <UnitName Value="AbstractHandlerUnit"/>
        <CursorPos X="76" Y="177"/>
        <TopLine Value="164"/>
        <EditorIndex Value="3"/>
        <UsageCount Value="271"/>
        <Loaded Value="True"/>
        <SyntaxHighlighter Value="Delphi"/>
      </Unit21>
      <Unit22>
        <Filename Value="CookieUnit.pp"/>
        <IsPartOfProject Value="True"/>
        <UnitName Value="CookieUnit"/>
        <CursorPos X="3" Y="81"/>
        <TopLine Value="66"/>
        <UsageCount Value="270"/>
        <SyntaxHighlighter Value="Delphi"/>
      </Unit22>
      <Unit23>
        <Filename Value="WebHeaderUnit.pp"/>
        <IsPartOfProject Value="True"/>
        <UnitName Value="WebHeaderUnit"/>
        <CursorPos X="35" Y="105"/>
        <TopLine Value="92"/>
        <EditorIndex Value="6"/>
        <UsageCount Value="270"/>
        <Loaded Value="True"/>
        <SyntaxHighlighter Value="Delphi"/>
      </Unit23>
      <Unit24>
        <Filename Value="WebEnvironmentUnit.pp"/>
        <IsPartOfProject Value="True"/>
        <UnitName Value="WebEnvironmentUnit"/>
        <CursorPos X="1" Y="3"/>
        <TopLine Value="1"/>
        <UsageCount Value="270"/>
        <SyntaxHighlighter Value="Delphi"/>
      </Unit24>
      <Unit25>
        <Filename Value="WebConfigurationUnit.pp"/>
        <IsPartOfProject Value="True"/>
        <UnitName Value="WebConfigurationUnit"/>
        <CursorPos X="1" Y="33"/>
        <TopLine Value="17"/>
        <UsageCount Value="267"/>
        <Bookmarks Count="1">
          <Item0 X="3" Y="67" ID="1"/>
        </Bookmarks>
        <SyntaxHighlighter Value="Delphi"/>
      </Unit25>
      <Unit26>
        <Filename Value="SessionUnit.pp"/>
        <IsPartOfProject Value="True"/>
        <UnitName Value="SessionUnit"/>
        <CursorPos X="75" Y="87"/>
        <TopLine Value="87"/>
        <EditorIndex Value="7"/>
        <UsageCount Value="266"/>
        <Loaded Value="True"/>
        <SyntaxHighlighter Value="Delphi"/>
      </Unit26>
      <Unit27>
        <Filename Value="CgiVariableUnit.pp"/>
        <IsPartOfProject Value="True"/>
        <UnitName Value="CgiVariableUnit"/>
        <CursorPos X="7" Y="83"/>
        <TopLine Value="63"/>
        <UsageCount Value="266"/>
        <SyntaxHighlighter Value="Delphi"/>
      </Unit27>
      <Unit28>
        <Filename Value="WebRunTimeInformationUnit.pp"/>
        <IsPartOfProject Value="True"/>
        <UnitName Value="WebRunTimeInformationUnit"/>
        <CursorPos X="1" Y="62"/>
        <TopLine Value="29"/>
        <UsageCount Value="266"/>
        <SyntaxHighlighter Value="Delphi"/>
      </Unit28>
      <Unit29>
        <Filename Value="WebUploadedFileUnit.pp"/>
        <IsPartOfProject Value="True"/>
        <UnitName Value="WebUploadedFileUnit"/>
        <CursorPos X="32" Y="51"/>
        <TopLine Value="28"/>
        <UsageCount Value="262"/>
        <SyntaxHighlighter Value="Delphi"/>
      </Unit29>
      <Unit30>
        <Filename Value="MainPageUnit.pp"/>
        <IsPartOfProject Value="True"/>
        <UnitName Value="MainPageUnit"/>
        <CursorPos X="15" Y="21"/>
        <TopLine Value="8"/>
        <EditorIndex Value="9"/>
        <UsageCount Value="262"/>
        <Loaded Value="True"/>
        <SyntaxHighlighter Value="Delphi"/>
      </Unit30>
      <Unit31>
        <Filename Value="PageHandlerBaseUnit.pp"/>
        <UnitName Value="PageHandlerBaseUnit"/>
        <CursorPos X="39" Y="160"/>
        <TopLine Value="147"/>
        <EditorIndex Value="4"/>
        <UsageCount Value="24"/>
        <Loaded Value="True"/>
        <SyntaxHighlighter Value="Delphi"/>
      </Unit31>
      <Unit32>
        <Filename Value="../../ConstantsUnit.pp"/>
        <IsPartOfProject Value="True"/>
        <UnitName Value="ConstantsUnit"/>
        <CursorPos X="24" Y="11"/>
        <TopLine Value="1"/>
        <UsageCount Value="208"/>
        <SyntaxHighlighter Value="Delphi"/>
      </Unit32>
      <Unit33>
        <Filename Value="MeaningUnit.pp"/>
        <IsPartOfProject Value="True"/>
        <UnitName Value="MeaningUnit"/>
        <CursorPos X="2" Y="2002"/>
        <TopLine Value="1982"/>
        <UsageCount Value="207"/>
        <SyntaxHighlighter Value="Delphi"/>
      </Unit33>
      <Unit34>
        <Filename Value="../../../../../MXG/Code/WorkingRep/Competition-ASP-2009/DisjunctiveScheduling/ds.T"/>
        <CursorPos X="1" Y="59"/>
        <TopLine Value="44"/>
        <UsageCount Value="25"/>
        <SyntaxHighlighter Value="None"/>
      </Unit34>
      <Unit35>
        <Filename Value="../../../../../MXG/Code/WorkingRep/Competition-ASP-2009/DisjunctiveScheduling/ds2.T"/>
        <IsPartOfProject Value="True"/>
        <CursorPos X="1" Y="99"/>
        <TopLine Value="71"/>
        <UsageCount Value="202"/>
        <Bookmarks Count="4">
          <Item0 X="2" Y="58" ID="1"/>
          <Item1 X="3" Y="107" ID="2"/>
          <Item2 X="3" Y="114" ID="3"/>
          <Item3 X="3" Y="154" ID="4"/>
        </Bookmarks>
        <SyntaxHighlighter Value="None"/>
      </Unit35>
      <Unit36>
        <Filename Value="../../../../../MXG/Code/WorkingRep/Competition-ASP-2009/KnightTour/kt.3.T"/>
        <CursorPos X="36" Y="241"/>
        <TopLine Value="241"/>
        <UsageCount Value="47"/>
        <SyntaxHighlighter Value="None"/>
      </Unit36>
      <Unit37>
        <Filename Value="../../../../../MXG/Code/WorkingRep/Competition-ASP-2009/Graph-Coloring/Col3.T"/>
        <CursorPos X="1" Y="177"/>
        <TopLine Value="151"/>
        <UsageCount Value="42"/>
        <SyntaxHighlighter Value="None"/>
      </Unit37>
      <Unit38>
        <Filename Value="../../../../../MXG/Code/WorkingRep/Competition-ASP-2009/Graph-Coloring/TrivialSat.I"/>
        <CursorPos X="8" Y="3"/>
        <TopLine Value="1"/>
        <UsageCount Value="40"/>
        <SyntaxHighlighter Value="None"/>
      </Unit38>
      <Unit39>
        <Filename Value="../../../../../MXG/Code/WorkingRep/Competition-ASP-2009/HamiltonianPath/TrivialSat.I"/>
        <CursorPos X="24" Y="10"/>
        <TopLine Value="1"/>
        <UsageCount Value="5"/>
        <SyntaxHighlighter Value="None"/>
      </Unit39>
      <Unit40>
        <Filename Value="../../../../../MXG/Code/WorkingRep/Competition-ASP-2009/Fastfood/fastfood_brute.T"/>
        <CursorPos X="1" Y="153"/>
        <TopLine Value="116"/>
        <UsageCount Value="2"/>
        <SyntaxHighlighter Value="None"/>
      </Unit40>
      <Unit41>
        <Filename Value="../../../../../MXG/Code/WorkingRep/Competition-ASP-2009/GeneralizedSlitherlink/TrivialSat.I"/>
        <CursorPos X="9" Y="10"/>
        <TopLine Value="1"/>
        <UsageCount Value="2"/>
        <SyntaxHighlighter Value="None"/>
      </Unit41>
      <Unit42>
        <Filename Value="kt.4.t"/>
        <IsPartOfProject Value="True"/>
        <CursorPos X="1" Y="1"/>
        <TopLine Value="1"/>
        <UsageCount Value="180"/>
        <SyntaxHighlighter Value="None"/>
      </Unit42>
      <Unit43>
        <Filename Value="../../../../../MXG/Code/WorkingRep/Competition-ASP-2009/KnightTour/kt.4.T"/>
        <CursorPos X="1" Y="137"/>
        <TopLine Value="132"/>
        <UsageCount Value="5"/>
        <Bookmarks Count="1">
          <Item0 X="15" Y="190" ID="1"/>
        </Bookmarks>
        <SyntaxHighlighter Value="None"/>
      </Unit43>
      <Unit44>
        <Filename Value="../../../../../MXG/Code/WorkingRep/Competition-ASP-2009/HydraulicLeaking/HydraulicLeaking.2.T"/>
        <IsPartOfProject Value="True"/>
        <CursorPos X="14" Y="215"/>
        <TopLine Value="184"/>
        <UsageCount Value="126"/>
        <Bookmarks Count="2">
          <Item0 X="21" Y="171" ID="1"/>
          <Item1 X="1" Y="24" ID="2"/>
        </Bookmarks>
        <SyntaxHighlighter Value="None"/>
      </Unit44>
      <Unit45>
        <Filename Value="../../../../../MXG/Code/WorkingRep/Competition-ASP-2009/HydraulicLeaking/trivial.I"/>
        <CursorPos X="7" Y="88"/>
        <TopLine Value="38"/>
        <UsageCount Value="62"/>
        <SyntaxHighlighter Value="None"/>
      </Unit45>
      <Unit46>
        <Filename Value="../../../../../MyUnits/PersaDic/PersaDictionaryUnit.pp"/>
        <IsPartOfProject Value="True"/>
        <UnitName Value="PersaDictionaryUnit"/>
        <CursorPos X="37" Y="67"/>
        <TopLine Value="54"/>
        <UsageCount Value="21"/>
      </Unit46>
      <Unit47>
        <Filename Value="../../../../../MyUnits/DictionaryTree/DictionaryTreeUnit.pas"/>
        <IsPartOfProject Value="True"/>
        <UnitName Value="DictionaryTreeUnit"/>
        <CursorPos X="1" Y="1"/>
        <TopLine Value="1"/>
        <UsageCount Value="21"/>
      </Unit47>
      <Unit48>
        <Filename Value="../../../../../MyUnits/General Purpose Units/StreamUnit.pas"/>
        <IsPartOfProject Value="True"/>
        <UnitName Value="StreamUnit"/>
        <CursorPos X="1" Y="1"/>
        <TopLine Value="1"/>
        <UsageCount Value="21"/>
      </Unit48>
      <Unit49>
        <Filename Value="../../../../../MyUnits/SpellChecker Units/SpellCheckerUnit.pp"/>
        <IsPartOfProject Value="True"/>
        <UnitName Value="SpellCheckerUnit"/>
        <CursorPos X="31" Y="13"/>
        <TopLine Value="1"/>
        <UsageCount Value="21"/>
      </Unit49>
      <Unit50>
        <Filename Value="GlobalUnit.pp"/>
        <UnitName Value="GlobalUnit"/>
        <CursorPos X="17" Y="46"/>
        <TopLine Value="29"/>
        <EditorIndex Value="1"/>
        <UsageCount Value="10"/>
        <Loaded Value="True"/>
        <SyntaxHighlighter Value="Delphi"/>
      </Unit50>
    </Units>
    <JumpHistory Count="30" HistoryIndex="29">
      <Position1>
        <Filename Value="AbstractHandlerUnit.pp"/>
        <Caret Line="10" Column="32" TopLine="3"/>
      </Position1>
      <Position2>
        <Filename Value="AbstractHandlerUnit.pp"/>
        <Caret Line="308" Column="1" TopLine="282"/>
      </Position2>
      <Position3>
        <Filename Value="AbstractHandlerUnit.pp"/>
        <Caret Line="1" Column="1" TopLine="1"/>
      </Position3>
      <Position4>
        <Filename Value="AbstractHandlerUnit.pp"/>
        <Caret Line="7" Column="5" TopLine="1"/>
      </Position4>
      <Position5>
        <Filename Value="AbstractHandlerUnit.pp"/>
        <Caret Line="68" Column="62" TopLine="54"/>
      </Position5>
      <Position6>
        <Filename Value="AbstractHandlerUnit.pp"/>
        <Caret Line="177" Column="75" TopLine="164"/>
      </Position6>
      <Position7>
        <Filename Value="PageHandlerBaseUnit.pp"/>
        <Caret Line="212" Column="6" TopLine="195"/>
      </Position7>
      <Position8>
        <Filename Value="PageHandlerBaseUnit.pp"/>
        <Caret Line="132" Column="1" TopLine="123"/>
      </Position8>
      <Position9>
        <Filename Value="PageHandlerBaseUnit.pp"/>
        <Caret Line="1" Column="1" TopLine="1"/>
      </Position9>
      <Position10>
        <Filename Value="PageHandlerBaseUnit.pp"/>
        <Caret Line="27" Column="5" TopLine="14"/>
      </Position10>
      <Position11>
        <Filename Value="PageHandlerBaseUnit.pp"/>
        <Caret Line="119" Column="5" TopLine="105"/>
      </Position11>
      <Position12>
        <Filename Value="PageHandlerBaseUnit.pp"/>
        <Caret Line="133" Column="57" TopLine="120"/>
      </Position12>
      <Position13>
        <Filename Value="ResidentApplicationUnit.pp"/>
        <Caret Line="383" Column="3" TopLine="362"/>
      </Position13>
      <Position14>
        <Filename Value="ResidentApplicationUnit.pp"/>
        <Caret Line="467" Column="16" TopLine="454"/>
      </Position14>
      <Position15>
        <Filename Value="ResidentApplicationUnit.pp"/>
        <Caret Line="441" Column="1" TopLine="428"/>
      </Position15>
      <Position16>
        <Filename Value="ResidentApplicationUnit.pp"/>
        <Caret Line="1" Column="1" TopLine="1"/>
      </Position16>
      <Position17>
        <Filename Value="ResidentApplicationUnit.pp"/>
        <Caret Line="25" Column="82" TopLine="1"/>
      </Position17>
      <Position18>
        <Filename Value="ResidentApplicationUnit.pp"/>
        <Caret Line="41" Column="5" TopLine="28"/>
      </Position18>
      <Position19>
        <Filename Value="ResidentApplicationUnit.pp"/>
        <Caret Line="137" Column="24" TopLine="122"/>
      </Position19>
      <Position20>
        <Filename Value="ResidentApplicationUnit.pp"/>
        <Caret Line="467" Column="23" TopLine="454"/>
      </Position20>
      <Position21>
        <Filename Value="ResidentApplicationUnit.pp"/>
        <Caret Line="476" Column="43" TopLine="463"/>
      </Position21>
      <Position22>
        <Filename Value="ResidentApplicationUnit.pp"/>
        <Caret Line="477" Column="42" TopLine="464"/>
      </Position22>
      <Position23>
        <Filename Value="ResidentApplicationUnit.pp"/>
        <Caret Line="482" Column="57" TopLine="469"/>
      </Position23>
      <Position24>
        <Filename Value="ResidentApplicationUnit.pp"/>
        <Caret Line="486" Column="57" TopLine="473"/>
      </Position24>
      <Position25>
        <Filename Value="ResidentApplicationUnit.pp"/>
        <Caret Line="487" Column="71" TopLine="474"/>
      </Position25>
      <Position26>
        <Filename Value="ResidentApplicationUnit.pp"/>
        <Caret Line="488" Column="68" TopLine="475"/>
      </Position26>
      <Position27>
        <Filename Value="ResidentApplicationUnit.pp"/>
        <Caret Line="493" Column="69" TopLine="480"/>
      </Position27>
      <Position28>
        <Filename Value="ResidentApplicationUnit.pp"/>
        <Caret Line="500" Column="74" TopLine="487"/>
      </Position28>
      <Position29>
        <Filename Value="ResidentApplicationUnit.pp"/>
        <Caret Line="511" Column="67" TopLine="498"/>
      </Position29>
      <Position30>
        <Filename Value="ResidentApplicationUnit.pp"/>
        <Caret Line="523" Column="57" TopLine="510"/>
      </Position30>
    </JumpHistory>
  </ProjectOptions>
  <CompilerOptions>
    <Version Value="8"/>
    <SearchPaths>
      <OtherUnitFiles Value="Pages/;Extra/;XML Handler/;/home/Amir/Project/O-PSP-OnGoogle/branch/o-powtils/;/home/Amir/Project/MyUnits/PersaDic/;/home/Amir/Project/MyUnits/DictionaryTree/;/home/Amir/Project/MyUnits/General Purpose Units/;/home/Amir/Project/MyUnits/SpellChecker Units/"/>
    </SearchPaths>
    <Parsing>
      <SyntaxOptions>
        <SyntaxMode Value="Delphi"/>
      </SyntaxOptions>
    </Parsing>
    <Other>
      <CompilerPath Value="$(CompPath)"/>
    </Other>
  </CompilerOptions>
  <Debugging>
    <BreakPoints Count="1">
      <Item1>
        <Source Value="PageHandlerBaseUnit.pp"/>
        <Line Value="295"/>
      </Item1>
    </BreakPoints>
    <Watches Count="3">
      <Item1>
        <Expression Value="Str"/>
      </Item1>
      <Item2>
        <Expression Value="Self"/>
      </Item2>
      <Item3>
        <Expression Value="FSize"/>
      </Item3>
    </Watches>
    <Exceptions Count="5">
      <Item1>
        <Name Value="ECodetoolError"/>
        <Enabled Value="False"/>
      </Item1>
      <Item2>
        <Name Value="EFOpenError"/>
        <Enabled Value="False"/>
      </Item2>
      <Item3>
        <Name Value="EVariableNotFound"/>
        <Enabled Value="False"/>
      </Item3>
      <Item4>
        <Name Value="EQueueIsEmpty"/>
      </Item4>
      <Item5>
        <Name Value="ENameNotFound"/>
      </Item5>
    </Exceptions>
  </Debugging>
</CONFIG>
