<?xml version="1.0"?>
<CONFIG>
  <ProjectOptions>
    <PathDelim Value="/"/>
    <Version Value="7"/>
    <General>
      <Flags>
        <AlwaysBuild Value="False"/>
        <LRSInOutputDirectory Value="False"/>
      </Flags>
      <MainUnit Value="0"/>
      <TargetFileExt Value=""/>
      <Title Value="PersaDic"/>
      <ActiveEditorIndexAtStart Value="6"/>
    </General>
    <PublishOptions>
      <Version Value="2"/>
      <IgnoreBinaries Value="False"/>
      <IncludeFileFilter Value="*.(pas|pp|inc|lfm|lpr|lrs|lpi|lpk|sh|xml)"/>
      <ExcludeFileFilter Value="*.(bak|ppu|ppw|o|so);*~;backup"/>
    </PublishOptions>
    <RunParams>
      <local>
        <FormatVersion Value="1"/>
        <CommandLineParams Value=">Output.txt"/>
        <LaunchingApplication PathPlusParams="/usr/X11R6/bin/xterm -T 'Lazarus Run Output' -e $(LazarusDir)/tools/runwait.sh $(TargetCmdLine)"/>
        <Display Use="True"/>
      </local>
    </RunParams>
    <Units Count="47">
      <Unit0>
        <Filename Value="PersaDic.lpr"/>
        <IsPartOfProject Value="True"/>
        <UnitName Value="PersaDic"/>
        <CursorPos X="22" Y="23"/>
        <TopLine Value="1"/>
        <EditorIndex Value="0"/>
        <UsageCount Value="211"/>
        <Loaded Value="True"/>
        <SyntaxHighlighter Value="Delphi"/>
      </Unit0>
      <Unit1>
        <Filename Value="PipeWrapperUnit.pp"/>
        <IsPartOfProject Value="True"/>
        <UnitName Value="PipeWrapperUnit"/>
        <CursorPos X="1" Y="37"/>
        <TopLine Value="9"/>
        <UsageCount Value="211"/>
      </Unit1>
      <Unit2>
        <Filename Value="ResidentApplicationUnit.pp"/>
        <IsPartOfProject Value="True"/>
        <UnitName Value="ResidentApplicationUnit"/>
        <CursorPos X="3" Y="392"/>
        <TopLine Value="358"/>
        <EditorIndex Value="1"/>
        <UsageCount Value="211"/>
        <Loaded Value="True"/>
        <SyntaxHighlighter Value="Delphi"/>
      </Unit2>
      <Unit3>
        <Filename Value="Page1ResidentUnit.pp"/>
        <IsPartOfProject Value="True"/>
        <UnitName Value="Page1ResidentUnit"/>
        <CursorPos X="1" Y="33"/>
        <TopLine Value="17"/>
        <UsageCount Value="211"/>
        <SyntaxHighlighter Value="Delphi"/>
      </Unit3>
      <Unit4>
        <Filename Value="BaseClassUnit.pp"/>
        <IsPartOfProject Value="True"/>
        <UnitName Value="BaseClassUnit"/>
        <CursorPos X="34" Y="28"/>
        <TopLine Value="20"/>
        <UsageCount Value="210"/>
      </Unit4>
      <Unit5>
        <Filename Value="CollectionBaseUnit.pp"/>
        <UnitName Value="CollectionBaseUnit"/>
        <CursorPos X="1" Y="1"/>
        <TopLine Value="1"/>
        <UsageCount Value="166"/>
      </Unit5>
      <Unit6>
        <Filename Value="CollectionUnit.pp"/>
        <IsPartOfProject Value="True"/>
        <UnitName Value="CollectionUnit"/>
        <CursorPos X="1" Y="1035"/>
        <TopLine Value="1018"/>
        <UsageCount Value="210"/>
        <SyntaxHighlighter Value="Delphi"/>
      </Unit6>
      <Unit7>
        <Filename Value="WebUnit.pp"/>
        <IsPartOfProject Value="True"/>
        <UnitName Value="WebUnit"/>
        <CursorPos X="21" Y="242"/>
        <TopLine Value="218"/>
        <UsageCount Value="208"/>
        <SyntaxHighlighter Value="Delphi"/>
      </Unit7>
      <Unit8>
        <Filename Value="pwu.pp"/>
        <UnitName Value="pwu"/>
        <CursorPos X="1" Y="3548"/>
        <TopLine Value="3530"/>
        <UsageCount Value="3"/>
      </Unit8>
      <Unit9>
        <Filename Value="../../PageHandlerBaseUnit.pp"/>
        <IsPartOfProject Value="True"/>
        <UnitName Value="PageHandlerBaseUnit"/>
        <CursorPos X="1" Y="1"/>
        <TopLine Value="1"/>
        <UsageCount Value="200"/>
        <Bookmarks Count="1">
          <Item0 X="1" Y="152" ID="3"/>
        </Bookmarks>
        <SyntaxHighlighter Value="Delphi"/>
      </Unit9>
      <Unit10>
        <Filename Value="Page2ResidentUnit.pp"/>
        <IsPartOfProject Value="True"/>
        <UnitName Value="Page2ResidentUnit"/>
        <CursorPos X="22" Y="54"/>
        <TopLine Value="29"/>
        <UsageCount Value="214"/>
        <SyntaxHighlighter Value="Delphi"/>
      </Unit10>
      <Unit11>
        <Filename Value="ThisApplicationPagesUnit.pp"/>
        <IsPartOfProject Value="True"/>
        <UnitName Value="ThisApplicationPagesUnit"/>
        <CursorPos X="1" Y="16"/>
        <TopLine Value="16"/>
        <UsageCount Value="207"/>
        <SyntaxHighlighter Value="Delphi"/>
      </Unit11>
      <Unit12>
        <Filename Value="substrings.pp"/>
        <IsPartOfProject Value="True"/>
        <UnitName Value="SubStrings"/>
        <CursorPos X="8" Y="137"/>
        <TopLine Value="121"/>
        <UsageCount Value="204"/>
        <SyntaxHighlighter Value="Delphi"/>
      </Unit12>
      <Unit13>
        <Filename Value="URLEnc.pp"/>
        <IsPartOfProject Value="True"/>
        <UnitName Value="URLEnc"/>
        <CursorPos X="10" Y="38"/>
        <TopLine Value="23"/>
        <UsageCount Value="207"/>
        <SyntaxHighlighter Value="Delphi"/>
      </Unit13>
      <Unit14>
        <Filename Value="SessionManagerUnit.pp"/>
        <IsPartOfProject Value="True"/>
        <UnitName Value="SessionManagerUnit"/>
        <CursorPos X="1" Y="116"/>
        <TopLine Value="106"/>
        <UsageCount Value="200"/>
        <SyntaxHighlighter Value="Delphi"/>
      </Unit14>
      <Unit15>
        <Filename Value="WebStringUnit.pp"/>
        <IsPartOfProject Value="True"/>
        <UnitName Value="WebStringUnit"/>
        <CursorPos X="3" Y="53"/>
        <TopLine Value="31"/>
        <UsageCount Value="256"/>
        <SyntaxHighlighter Value="Delphi"/>
      </Unit15>
      <Unit16>
        <Filename Value="RequestsQueue.pp"/>
        <IsPartOfProject Value="True"/>
        <UnitName Value="RequestsQueue"/>
        <CursorPos X="1" Y="259"/>
        <TopLine Value="242"/>
        <UsageCount Value="250"/>
        <Bookmarks Count="1">
          <Item0 X="1" Y="255" ID="2"/>
        </Bookmarks>
        <SyntaxHighlighter Value="Delphi"/>
      </Unit16>
      <Unit17>
        <Filename Value="XML Handler/XMLNode.pp"/>
        <IsPartOfProject Value="True"/>
        <UnitName Value="XMLNode"/>
        <CursorPos X="1" Y="244"/>
        <TopLine Value="236"/>
        <UsageCount Value="202"/>
      </Unit17>
      <Unit18>
        <Filename Value="XML Handler/AttributeUnit.pp"/>
        <IsPartOfProject Value="True"/>
        <UnitName Value="AttributeUnit"/>
        <CursorPos X="13" Y="59"/>
        <TopLine Value="45"/>
        <UsageCount Value="202"/>
      </Unit18>
      <Unit19>
        <Filename Value="ThreadingUnit.pp"/>
        <UnitName Value="ThreadingUnit"/>
        <CursorPos X="21" Y="122"/>
        <TopLine Value="113"/>
        <EditorIndex Value="5"/>
        <UsageCount Value="100"/>
        <Bookmarks Count="1">
          <Item0 X="40" Y="118" ID="1"/>
        </Bookmarks>
        <Loaded Value="True"/>
        <SyntaxHighlighter Value="Delphi"/>
      </Unit19>
      <Unit20>
        <Filename Value="ThisProjectGlobalUnit.pp"/>
        <IsPartOfProject Value="True"/>
        <UnitName Value="ThisProjectGlobalUnit"/>
        <CursorPos X="29" Y="8"/>
        <TopLine Value="1"/>
        <UsageCount Value="219"/>
        <SyntaxHighlighter Value="Delphi"/>
      </Unit20>
      <Unit21>
        <Filename Value="../psp-1.6.x-devel/main/pwumain.pas"/>
        <UnitName Value="pwumain"/>
        <CursorPos X="1" Y="673"/>
        <TopLine Value="670"/>
        <UsageCount Value="35"/>
        <Bookmarks Count="1">
          <Item0 X="1" Y="673" ID="2"/>
        </Bookmarks>
      </Unit21>
      <Unit22>
        <Filename Value="ExceptionUnit.pas"/>
        <IsPartOfProject Value="True"/>
        <UnitName Value="ExceptionUnit"/>
        <CursorPos X="17" Y="31"/>
        <TopLine Value="16"/>
        <UsageCount Value="255"/>
        <SyntaxHighlighter Value="Delphi"/>
      </Unit22>
      <Unit23>
        <Filename Value="AbstractHandlerUnit.pp"/>
        <IsPartOfProject Value="True"/>
        <UnitName Value="AbstractHandlerUnit"/>
        <CursorPos X="25" Y="236"/>
        <TopLine Value="222"/>
        <EditorIndex Value="6"/>
        <UsageCount Value="271"/>
        <Loaded Value="True"/>
        <SyntaxHighlighter Value="Delphi"/>
      </Unit23>
      <Unit24>
        <Filename Value="CookieUnit.pp"/>
        <IsPartOfProject Value="True"/>
        <UnitName Value="CookieUnit"/>
        <CursorPos X="3" Y="81"/>
        <TopLine Value="66"/>
        <UsageCount Value="270"/>
        <SyntaxHighlighter Value="Delphi"/>
      </Unit24>
      <Unit25>
        <Filename Value="WebHeaderUnit.pp"/>
        <IsPartOfProject Value="True"/>
        <UnitName Value="WebHeaderUnit"/>
        <CursorPos X="18" Y="96"/>
        <TopLine Value="79"/>
        <UsageCount Value="270"/>
        <SyntaxHighlighter Value="Delphi"/>
      </Unit25>
      <Unit26>
        <Filename Value="WebEnvironmentUnit.pp"/>
        <IsPartOfProject Value="True"/>
        <UnitName Value="WebEnvironmentUnit"/>
        <CursorPos X="1" Y="3"/>
        <TopLine Value="1"/>
        <UsageCount Value="270"/>
        <SyntaxHighlighter Value="Delphi"/>
      </Unit26>
      <Unit27>
        <Filename Value="WebConfigurationUnit.pp"/>
        <IsPartOfProject Value="True"/>
        <UnitName Value="WebConfigurationUnit"/>
        <CursorPos X="1" Y="33"/>
        <TopLine Value="17"/>
        <UsageCount Value="267"/>
        <Bookmarks Count="1">
          <Item0 X="3" Y="67" ID="1"/>
        </Bookmarks>
        <SyntaxHighlighter Value="Delphi"/>
      </Unit27>
      <Unit28>
        <Filename Value="SessionUnit.pp"/>
        <IsPartOfProject Value="True"/>
        <UnitName Value="SessionUnit"/>
        <CursorPos X="1" Y="117"/>
        <TopLine Value="91"/>
        <UsageCount Value="266"/>
        <SyntaxHighlighter Value="Delphi"/>
      </Unit28>
      <Unit29>
        <Filename Value="CgiVariableUnit.pp"/>
        <IsPartOfProject Value="True"/>
        <UnitName Value="CgiVariableUnit"/>
        <CursorPos X="1" Y="90"/>
        <TopLine Value="72"/>
        <EditorIndex Value="4"/>
        <UsageCount Value="266"/>
        <Loaded Value="True"/>
        <SyntaxHighlighter Value="Delphi"/>
      </Unit29>
      <Unit30>
        <Filename Value="WebRunTimeInformationUnit.pp"/>
        <IsPartOfProject Value="True"/>
        <UnitName Value="WebRunTimeInformationUnit"/>
        <CursorPos X="1" Y="62"/>
        <TopLine Value="29"/>
        <UsageCount Value="266"/>
        <SyntaxHighlighter Value="Delphi"/>
      </Unit30>
      <Unit31>
        <Filename Value="WebUploadedFileUnit.pp"/>
        <IsPartOfProject Value="True"/>
        <UnitName Value="WebUploadedFileUnit"/>
        <CursorPos X="32" Y="51"/>
        <TopLine Value="28"/>
        <UsageCount Value="262"/>
        <SyntaxHighlighter Value="Delphi"/>
      </Unit31>
      <Unit32>
        <Filename Value="MainPageUnit.pp"/>
        <IsPartOfProject Value="True"/>
        <UnitName Value="MainPageUnit"/>
        <CursorPos X="20" Y="44"/>
        <TopLine Value="25"/>
        <EditorIndex Value="2"/>
        <UsageCount Value="81"/>
        <Loaded Value="True"/>
        <SyntaxHighlighter Value="Delphi"/>
      </Unit32>
      <Unit33>
        <Filename Value="../../../../../../../../usr/share/fpcsrc/2.2.2/rtl/objpas/classes/classesh.inc"/>
        <CursorPos X="3" Y="632"/>
        <TopLine Value="617"/>
        <UsageCount Value="10"/>
      </Unit33>
      <Unit34>
        <Filename Value="../../../../../../../../usr/share/fpcsrc/2.2.2/rtl/objpas/classes/stringl.inc"/>
        <CursorPos X="14" Y="507"/>
        <TopLine Value="504"/>
        <UsageCount Value="5"/>
      </Unit34>
      <Unit35>
        <Filename Value="../../../../../../../../usr/share/fpcsrc/2.2.2/rtl/objpas/classes/persist.inc"/>
        <CursorPos X="15" Y="55"/>
        <TopLine Value="52"/>
        <UsageCount Value="5"/>
      </Unit35>
      <Unit36>
        <Filename Value="../../../../../../../../usr/share/fpcsrc/2.2.2/rtl/inc/objpash.inc"/>
        <CursorPos X="23" Y="147"/>
        <TopLine Value="132"/>
        <UsageCount Value="10"/>
      </Unit36>
      <Unit37>
        <Filename Value="../../../../../../../../usr/share/fpcsrc/2.2.2/rtl/inc/objpas.inc"/>
        <CursorPos X="9" Y="145"/>
        <TopLine Value="142"/>
        <UsageCount Value="5"/>
      </Unit37>
      <Unit38>
        <Filename Value="../../ResidentPageBaseUnit.pp"/>
        <UnitName Value="ResidentPageBaseUnit"/>
        <CursorPos X="1" Y="1"/>
        <TopLine Value="1"/>
        <UsageCount Value="12"/>
      </Unit38>
      <Unit39>
        <Filename Value="../../../../../../../../usr/share/fpcsrc/2.2.2/rtl/inc/systemh.inc"/>
        <CursorPos X="11" Y="558"/>
        <TopLine Value="541"/>
        <UsageCount Value="10"/>
      </Unit39>
      <Unit40>
        <Filename Value="GlobalUnit.pp"/>
        <UnitName Value="GlobalUnit"/>
        <CursorPos X="31" Y="15"/>
        <TopLine Value="1"/>
        <UsageCount Value="13"/>
        <SyntaxHighlighter Value="Delphi"/>
      </Unit40>
      <Unit41>
        <Filename Value="FileStringsUnit.pp"/>
        <UnitName Value="FileStringsUnit"/>
        <CursorPos X="61" Y="17"/>
        <TopLine Value="17"/>
        <UsageCount Value="13"/>
        <SyntaxHighlighter Value="Delphi"/>
      </Unit41>
      <Unit42>
        <Filename Value="PageHandlerBaseUnit.pp"/>
        <UnitName Value="PageHandlerBaseUnit"/>
        <CursorPos X="14" Y="92"/>
        <TopLine Value="75"/>
        <EditorIndex Value="3"/>
        <UsageCount Value="12"/>
        <Loaded Value="True"/>
        <SyntaxHighlighter Value="Delphi"/>
      </Unit42>
      <Unit43>
        <Filename Value="../../../../../../../../usr/share/fpcsrc/2.2.2/rtl/unix/bunxovlh.inc"/>
        <CursorPos X="1" Y="1"/>
        <TopLine Value="1"/>
        <UsageCount Value="10"/>
      </Unit43>
      <Unit44>
        <Filename Value="../../AbstractHandlerUnit.pp"/>
        <UnitName Value="AbstractHandlerUnit"/>
        <CursorPos X="1" Y="1"/>
        <TopLine Value="1"/>
        <UsageCount Value="10"/>
        <SyntaxHighlighter Value="Delphi"/>
      </Unit44>
      <Unit45>
        <Filename Value="../../../../../../../../usr/share/fpcsrc/2.2.2/rtl/inc/wstringh.inc"/>
        <CursorPos X="11" Y="32"/>
        <TopLine Value="17"/>
        <UsageCount Value="10"/>
      </Unit45>
      <Unit46>
        <Filename Value="../../../../../../../../usr/share/fpcsrc/2.2.2/rtl/inc/astrings.inc"/>
        <CursorPos X="13" Y="1028"/>
        <TopLine Value="1017"/>
        <UsageCount Value="10"/>
      </Unit46>
    </Units>
    <JumpHistory Count="30" HistoryIndex="29">
      <Position1>
        <Filename Value="PageHandlerBaseUnit.pp"/>
        <Caret Line="296" Column="5" TopLine="262"/>
      </Position1>
      <Position2>
        <Filename Value="PageHandlerBaseUnit.pp"/>
        <Caret Line="300" Column="1" TopLine="266"/>
      </Position2>
      <Position3>
        <Filename Value="MainPageUnit.pp"/>
        <Caret Line="44" Column="20" TopLine="25"/>
      </Position3>
      <Position4>
        <Filename Value="CgiVariableUnit.pp"/>
        <Caret Line="88" Column="34" TopLine="81"/>
      </Position4>
      <Position5>
        <Filename Value="AbstractHandlerUnit.pp"/>
        <Caret Line="220" Column="46" TopLine="201"/>
      </Position5>
      <Position6>
        <Filename Value="AbstractHandlerUnit.pp"/>
        <Caret Line="235" Column="52" TopLine="208"/>
      </Position6>
      <Position7>
        <Filename Value="AbstractHandlerUnit.pp"/>
        <Caret Line="220" Column="1" TopLine="218"/>
      </Position7>
      <Position8>
        <Filename Value="AbstractHandlerUnit.pp"/>
        <Caret Line="202" Column="23" TopLine="189"/>
      </Position8>
      <Position9>
        <Filename Value="AbstractHandlerUnit.pp"/>
        <Caret Line="214" Column="9" TopLine="196"/>
      </Position9>
      <Position10>
        <Filename Value="AbstractHandlerUnit.pp"/>
        <Caret Line="200" Column="23" TopLine="183"/>
      </Position10>
      <Position11>
        <Filename Value="AbstractHandlerUnit.pp"/>
        <Caret Line="215" Column="40" TopLine="196"/>
      </Position11>
      <Position12>
        <Filename Value="AbstractHandlerUnit.pp"/>
        <Caret Line="243" Column="54" TopLine="215"/>
      </Position12>
      <Position13>
        <Filename Value="AbstractHandlerUnit.pp"/>
        <Caret Line="241" Column="22" TopLine="224"/>
      </Position13>
      <Position14>
        <Filename Value="AbstractHandlerUnit.pp"/>
        <Caret Line="233" Column="14" TopLine="201"/>
      </Position14>
      <Position15>
        <Filename Value="AbstractHandlerUnit.pp"/>
        <Caret Line="239" Column="7" TopLine="208"/>
      </Position15>
      <Position16>
        <Filename Value="AbstractHandlerUnit.pp"/>
        <Caret Line="244" Column="1" TopLine="227"/>
      </Position16>
      <Position17>
        <Filename Value="AbstractHandlerUnit.pp"/>
        <Caret Line="243" Column="5" TopLine="226"/>
      </Position17>
      <Position18>
        <Filename Value="AbstractHandlerUnit.pp"/>
        <Caret Line="260" Column="19" TopLine="241"/>
      </Position18>
      <Position19>
        <Filename Value="AbstractHandlerUnit.pp"/>
        <Caret Line="190" Column="1" TopLine="174"/>
      </Position19>
      <Position20>
        <Filename Value="AbstractHandlerUnit.pp"/>
        <Caret Line="23" Column="5" TopLine="6"/>
      </Position20>
      <Position21>
        <Filename Value="AbstractHandlerUnit.pp"/>
        <Caret Line="252" Column="23" TopLine="219"/>
      </Position21>
      <Position22>
        <Filename Value="AbstractHandlerUnit.pp"/>
        <Caret Line="228" Column="35" TopLine="202"/>
      </Position22>
      <Position23>
        <Filename Value="AbstractHandlerUnit.pp"/>
        <Caret Line="235" Column="36" TopLine="202"/>
      </Position23>
      <Position24>
        <Filename Value="AbstractHandlerUnit.pp"/>
        <Caret Line="189" Column="1" TopLine="189"/>
      </Position24>
      <Position25>
        <Filename Value="AbstractHandlerUnit.pp"/>
        <Caret Line="241" Column="23" TopLine="224"/>
      </Position25>
      <Position26>
        <Filename Value="AbstractHandlerUnit.pp"/>
        <Caret Line="246" Column="21" TopLine="224"/>
      </Position26>
      <Position27>
        <Filename Value="AbstractHandlerUnit.pp"/>
        <Caret Line="195" Column="27" TopLine="179"/>
      </Position27>
      <Position28>
        <Filename Value="AbstractHandlerUnit.pp"/>
        <Caret Line="246" Column="23" TopLine="229"/>
      </Position28>
      <Position29>
        <Filename Value="AbstractHandlerUnit.pp"/>
        <Caret Line="1" Column="1" TopLine="1"/>
      </Position29>
      <Position30>
        <Filename Value="AbstractHandlerUnit.pp"/>
        <Caret Line="195" Column="22" TopLine="178"/>
      </Position30>
    </JumpHistory>
  </ProjectOptions>
  <CompilerOptions>
    <Version Value="8"/>
    <SearchPaths>
      <OtherUnitFiles Value="Pages/;Extra/;XML Handler/"/>
    </SearchPaths>
    <Parsing>
      <SyntaxOptions>
        <SyntaxMode Value="Delphi"/>
      </SyntaxOptions>
    </Parsing>
    <Other>
      <CompilerPath Value="$(CompPath)"/>
    </Other>
  </CompilerOptions>
  <Debugging>
    <BreakPoints Count="1">
      <Item1>
        <Source Value="PageHandlerBaseUnit.pp"/>
        <Line Value="295"/>
      </Item1>
    </BreakPoints>
    <Watches Count="3">
      <Item1>
        <Expression Value="Str"/>
      </Item1>
      <Item2>
        <Expression Value="Self"/>
      </Item2>
      <Item3>
        <Expression Value="FSize"/>
      </Item3>
    </Watches>
    <Exceptions Count="5">
      <Item1>
        <Name Value="ECodetoolError"/>
        <Enabled Value="False"/>
      </Item1>
      <Item2>
        <Name Value="EFOpenError"/>
        <Enabled Value="False"/>
      </Item2>
      <Item3>
        <Name Value="EVariableNotFound"/>
        <Enabled Value="False"/>
      </Item3>
      <Item4>
        <Name Value="EQueueIsEmpty"/>
      </Item4>
      <Item5>
        <Name Value="ENameNotFound"/>
      </Item5>
    </Exceptions>
  </Debugging>
</CONFIG>
