<?xml version="1.0"?>
<CONFIG>
  <ProjectOptions>
    <PathDelim Value="/"/>
    <Version Value="7"/>
    <General>
      <MainUnit Value="0"/>
      <TargetFileExt Value=""/>
      <Icon Value="0"/>
      <UseXPManifest Value="True"/>
      <ActiveEditorIndexAtStart Value="5"/>
    </General>
    <VersionInfo>
      <ProjectVersion Value=""/>
      <Language Value=""/>
      <CharSet Value=""/>
    </VersionInfo>
    <PublishOptions>
      <Version Value="2"/>
      <IgnoreBinaries Value="False"/>
      <IncludeFileFilter Value="*.(pas|pp|inc|lfm|lpr|lrs|lpi|lpk|sh|xml)"/>
      <ExcludeFileFilter Value="*.(bak|ppu|ppw|o|so);*~;backup"/>
    </PublishOptions>
    <RunParams>
      <local>
        <FormatVersion Value="1"/>
        <LaunchingApplication PathPlusParams="/usr/X11R6/bin/xterm -T 'Lazarus Run Output' -e $(LazarusDir)/tools/runwait.sh $(TargetCmdLine)"/>
      </local>
    </RunParams>
    <RequiredPackages Count="1">
      <Item1>
        <PackageName Value="LCL"/>
      </Item1>
    </RequiredPackages>
    <Units Count="28">
      <Unit0>
        <Filename Value="SimpleSearch.lpr"/>
        <IsPartOfProject Value="True"/>
        <UnitName Value="SimpleSearch"/>
        <CursorPos X="30" Y="21"/>
        <TopLine Value="1"/>
        <EditorIndex Value="0"/>
        <UsageCount Value="25"/>
        <Loaded Value="True"/>
      </Unit0>
      <Unit1>
        <Filename Value="../../../PSP.lpr"/>
        <UnitName Value="PSP"/>
        <CursorPos X="1" Y="2"/>
        <TopLine Value="1"/>
        <UsageCount Value="10"/>
      </Unit1>
      <Unit2>
        <Filename Value="../../../WebUnit.pp"/>
        <IsPartOfProject Value="True"/>
        <UnitName Value="WebUnit"/>
        <CursorPos X="17" Y="189"/>
        <TopLine Value="166"/>
        <UsageCount Value="25"/>
      </Unit2>
      <Unit3>
        <Filename Value="../../../PageHandlerBaseUnit.pp"/>
        <UnitName Value="PageHandlerBaseUnit"/>
        <CursorPos X="5" Y="305"/>
        <TopLine Value="282"/>
        <UsageCount Value="10"/>
      </Unit3>
      <Unit4>
        <Filename Value="../../../SessionManagerUnit.pp"/>
        <UnitName Value="SessionManagerUnit"/>
        <CursorPos X="2" Y="293"/>
        <TopLine Value="275"/>
        <UsageCount Value="10"/>
      </Unit4>
      <Unit5>
        <Filename Value="../../../RequestsQueue.pp"/>
        <UnitName Value="RequestsQueue"/>
        <CursorPos X="1" Y="110"/>
        <TopLine Value="93"/>
        <UsageCount Value="10"/>
      </Unit5>
      <Unit6>
        <Filename Value="../../../ResidentApplicationUnit.pp"/>
        <UnitName Value="ResidentApplicationUnit"/>
        <CursorPos X="1" Y="372"/>
        <TopLine Value="356"/>
        <UsageCount Value="10"/>
      </Unit6>
      <Unit7>
        <Filename Value="JostarPageDispatcher.pp"/>
        <IsPartOfProject Value="True"/>
        <UnitName Value="JostarPageDispatcher"/>
        <CursorPos X="46" Y="149"/>
        <TopLine Value="118"/>
        <EditorIndex Value="1"/>
        <UsageCount Value="25"/>
        <Bookmarks Count="1">
          <Item0 X="1" Y="111" ID="1"/>
        </Bookmarks>
        <Loaded Value="True"/>
      </Unit7>
      <Unit8>
        <Filename Value="ThisProjectGlobalUnit.pp"/>
        <UnitName Value="ThisProjectGlobalUnit"/>
        <CursorPos X="1" Y="68"/>
        <TopLine Value="53"/>
        <UsageCount Value="10"/>
      </Unit8>
      <Unit9>
        <Filename Value="Parser/ParserUnit.pp"/>
        <IsPartOfProject Value="True"/>
        <UnitName Value="ParserUnit"/>
        <CursorPos X="41" Y="17"/>
        <TopLine Value="1"/>
        <UsageCount Value="25"/>
      </Unit9>
      <Unit10>
        <Filename Value="../../../../../../../../../usr/share/fpcsrc/packages/aspell/src/spellcheck.pp"/>
        <UnitName Value="SpellCheck"/>
        <CursorPos X="1" Y="320"/>
        <TopLine Value="287"/>
        <UsageCount Value="10"/>
      </Unit10>
      <Unit11>
        <Filename Value="SpellChecker/SpellCheckerUnit.pp"/>
        <IsPartOfProject Value="True"/>
        <UnitName Value="SpellCheckerUnit"/>
        <CursorPos X="1" Y="1"/>
        <TopLine Value="1"/>
        <UsageCount Value="25"/>
      </Unit11>
      <Unit12>
        <Filename Value="SpellChecker/StringKeyUnit.pp"/>
        <UnitName Value="StringKeyUnit"/>
        <CursorPos X="1" Y="1"/>
        <TopLine Value="1"/>
        <UsageCount Value="10"/>
      </Unit12>
      <Unit13>
        <Filename Value="SpellChecker/DictionaryTreeUnit.pas"/>
        <UnitName Value="DictionaryTreeUnit"/>
        <CursorPos X="1" Y="492"/>
        <TopLine Value="459"/>
        <UsageCount Value="10"/>
      </Unit13>
      <Unit14>
        <Filename Value="../../Web-Dictionary/PersaDicUnits/PersaDictionaryUnit.pp"/>
        <UnitName Value="PersaDictionaryUnit"/>
        <CursorPos X="33" Y="263"/>
        <TopLine Value="260"/>
        <UsageCount Value="20"/>
      </Unit14>
      <Unit15>
        <Filename Value="StreamUnit.pas"/>
        <UnitName Value="StreamUnit"/>
        <CursorPos X="17" Y="32"/>
        <TopLine Value="11"/>
        <UsageCount Value="10"/>
      </Unit15>
      <Unit16>
        <Filename Value="SpellChecker/PersaDictionaryUnit.pp"/>
        <IsPartOfProject Value="True"/>
        <UnitName Value="PersaDictionaryUnit"/>
        <CursorPos X="1" Y="1"/>
        <TopLine Value="1"/>
        <UsageCount Value="25"/>
      </Unit16>
      <Unit17>
        <Filename Value="../SearchEnginesQueryManager.pp"/>
        <IsPartOfProject Value="True"/>
        <UnitName Value="SearchEnginesQueryManager"/>
        <CursorPos X="31" Y="31"/>
        <TopLine Value="26"/>
        <EditorIndex Value="5"/>
        <UsageCount Value="25"/>
        <Loaded Value="True"/>
      </Unit17>
      <Unit18>
        <Filename Value="../../../CollectionUnit.pp"/>
        <UnitName Value="CollectionUnit"/>
        <CursorPos X="3" Y="965"/>
        <TopLine Value="960"/>
        <EditorIndex Value="6"/>
        <UsageCount Value="11"/>
        <Loaded Value="True"/>
      </Unit18>
      <Unit19>
        <Filename Value="../../../../../../../../../usr/share/fpcsrc/rtl/objpas/classes/classesh.inc"/>
        <CursorPos X="39" Y="623"/>
        <TopLine Value="604"/>
        <UsageCount Value="10"/>
      </Unit19>
      <Unit20>
        <Filename Value="SpellChecker/StreamUnit.pp"/>
        <IsPartOfProject Value="True"/>
        <UnitName Value="StreamUnit"/>
        <CursorPos X="23" Y="24"/>
        <TopLine Value="8"/>
        <UsageCount Value="24"/>
      </Unit20>
      <Unit21>
        <Filename Value="../QueryRequestUnit.pp"/>
        <IsPartOfProject Value="True"/>
        <UnitName Value="QueryRequestUnit"/>
        <CursorPos X="1" Y="82"/>
        <TopLine Value="51"/>
        <UsageCount Value="23"/>
      </Unit21>
      <Unit22>
        <Filename Value="../ResultStorageUnit.pp"/>
        <IsPartOfProject Value="True"/>
        <UnitName Value="ResultStorageUnit"/>
        <CursorPos X="33" Y="14"/>
        <TopLine Value="1"/>
        <UsageCount Value="23"/>
      </Unit22>
      <Unit23>
        <Filename Value="../../../../../../../../../usr/share/fpcsrc/rtl/linux/sysosh.inc"/>
        <CursorPos X="3" Y="28"/>
        <TopLine Value="1"/>
        <UsageCount Value="10"/>
      </Unit23>
      <Unit24>
        <Filename Value="../../../../../../../../../usr/share/fpcsrc/rtl/inc/threadh.inc"/>
        <CursorPos X="11" Y="146"/>
        <TopLine Value="102"/>
        <UsageCount Value="10"/>
      </Unit24>
      <Unit25>
        <Filename Value="../../../AbstractHandlerUnit.pp"/>
        <UnitName Value="AbstractHandlerUnit"/>
        <CursorPos X="57" Y="92"/>
        <TopLine Value="78"/>
        <EditorIndex Value="3"/>
        <UsageCount Value="11"/>
        <Loaded Value="True"/>
      </Unit25>
      <Unit26>
        <Filename Value="../../../CgiVariableUnit.pp"/>
        <UnitName Value="CgiVariableUnit"/>
        <CursorPos X="3" Y="70"/>
        <TopLine Value="68"/>
        <EditorIndex Value="4"/>
        <UsageCount Value="11"/>
        <Loaded Value="True"/>
      </Unit26>
      <Unit27>
        <Filename Value="StringUnit.pp"/>
        <IsPartOfProject Value="True"/>
        <UnitName Value="StringUnit"/>
        <CursorPos X="89" Y="13"/>
        <TopLine Value="1"/>
        <EditorIndex Value="2"/>
        <UsageCount Value="20"/>
        <Loaded Value="True"/>
      </Unit27>
    </Units>
    <JumpHistory Count="30" HistoryIndex="29">
      <Position1>
        <Filename Value="JostarPageDispatcher.pp"/>
        <Caret Line="122" Column="9" TopLine="99"/>
      </Position1>
      <Position2>
        <Filename Value="JostarPageDispatcher.pp"/>
        <Caret Line="111" Column="23" TopLine="97"/>
      </Position2>
      <Position3>
        <Filename Value="JostarPageDispatcher.pp"/>
        <Caret Line="133" Column="9" TopLine="107"/>
      </Position3>
      <Position4>
        <Filename Value="JostarPageDispatcher.pp"/>
        <Caret Line="119" Column="53" TopLine="102"/>
      </Position4>
      <Position5>
        <Filename Value="JostarPageDispatcher.pp"/>
        <Caret Line="116" Column="13" TopLine="102"/>
      </Position5>
      <Position6>
        <Filename Value="JostarPageDispatcher.pp"/>
        <Caret Line="119" Column="49" TopLine="105"/>
      </Position6>
      <Position7>
        <Filename Value="JostarPageDispatcher.pp"/>
        <Caret Line="124" Column="34" TopLine="107"/>
      </Position7>
      <Position8>
        <Filename Value="JostarPageDispatcher.pp"/>
        <Caret Line="127" Column="20" TopLine="116"/>
      </Position8>
      <Position9>
        <Filename Value="JostarPageDispatcher.pp"/>
        <Caret Line="143" Column="31" TopLine="128"/>
      </Position9>
      <Position10>
        <Filename Value="JostarPageDispatcher.pp"/>
        <Caret Line="142" Column="19" TopLine="123"/>
      </Position10>
      <Position11>
        <Filename Value="JostarPageDispatcher.pp"/>
        <Caret Line="136" Column="20" TopLine="111"/>
      </Position11>
      <Position12>
        <Filename Value="JostarPageDispatcher.pp"/>
        <Caret Line="114" Column="29" TopLine="95"/>
      </Position12>
      <Position13>
        <Filename Value="JostarPageDispatcher.pp"/>
        <Caret Line="142" Column="42" TopLine="123"/>
      </Position13>
      <Position14>
        <Filename Value="JostarPageDispatcher.pp"/>
        <Caret Line="143" Column="12" TopLine="124"/>
      </Position14>
      <Position15>
        <Filename Value="JostarPageDispatcher.pp"/>
        <Caret Line="114" Column="40" TopLine="95"/>
      </Position15>
      <Position16>
        <Filename Value="JostarPageDispatcher.pp"/>
        <Caret Line="143" Column="30" TopLine="125"/>
      </Position16>
      <Position17>
        <Filename Value="JostarPageDispatcher.pp"/>
        <Caret Line="133" Column="15" TopLine="124"/>
      </Position17>
      <Position18>
        <Filename Value="JostarPageDispatcher.pp"/>
        <Caret Line="144" Column="29" TopLine="125"/>
      </Position18>
      <Position19>
        <Filename Value="JostarPageDispatcher.pp"/>
        <Caret Line="145" Column="15" TopLine="127"/>
      </Position19>
      <Position20>
        <Filename Value="JostarPageDispatcher.pp"/>
        <Caret Line="114" Column="34" TopLine="114"/>
      </Position20>
      <Position21>
        <Filename Value="JostarPageDispatcher.pp"/>
        <Caret Line="160" Column="22" TopLine="128"/>
      </Position21>
      <Position22>
        <Filename Value="JostarPageDispatcher.pp"/>
        <Caret Line="203" Column="17" TopLine="176"/>
      </Position22>
      <Position23>
        <Filename Value="JostarPageDispatcher.pp"/>
        <Caret Line="204" Column="17" TopLine="177"/>
      </Position23>
      <Position24>
        <Filename Value="JostarPageDispatcher.pp"/>
        <Caret Line="210" Column="24" TopLine="190"/>
      </Position24>
      <Position25>
        <Filename Value="StringUnit.pp"/>
        <Caret Line="13" Column="1" TopLine="1"/>
      </Position25>
      <Position26>
        <Filename Value="JostarPageDispatcher.pp"/>
        <Caret Line="111" Column="1" TopLine="111"/>
      </Position26>
      <Position27>
        <Filename Value="JostarPageDispatcher.pp"/>
        <Caret Line="145" Column="36" TopLine="131"/>
      </Position27>
      <Position28>
        <Filename Value="JostarPageDispatcher.pp"/>
        <Caret Line="131" Column="1" TopLine="117"/>
      </Position28>
      <Position29>
        <Filename Value="JostarPageDispatcher.pp"/>
        <Caret Line="1" Column="1" TopLine="1"/>
      </Position29>
      <Position30>
        <Filename Value="JostarPageDispatcher.pp"/>
        <Caret Line="41" Column="22" TopLine="37"/>
      </Position30>
    </JumpHistory>
  </ProjectOptions>
  <CompilerOptions>
    <Version Value="8"/>
    <SearchPaths>
      <IncludeFiles Value="$(ProjOutDir)/"/>
      <OtherUnitFiles Value="/home/Amir/Project/O-PSP-OnGoogle/branch/o-powtils/;Parser/;SpellChecker/;/home/Amir/Project/O-PSP-OnGoogle/branch/o-powtils/Examples/MetaSearchEngine/"/>
    </SearchPaths>
    <Linking>
      <Options>
        <Win32>
          <GraphicApplication Value="True"/>
        </Win32>
      </Options>
    </Linking>
    <Other>
      <CompilerPath Value="$(CompPath)"/>
    </Other>
  </CompilerOptions>
  <Debugging>
    <Exceptions Count="3">
      <Item1>
        <Name Value="EAbort"/>
      </Item1>
      <Item2>
        <Name Value="ECodetoolError"/>
      </Item2>
      <Item3>
        <Name Value="EFOpenError"/>
      </Item3>
    </Exceptions>
  </Debugging>
</CONFIG>
