<?xml version="1.0"?>
<CONFIG>
  <ProjectOptions>
    <PathDelim Value="/"/>
    <Version Value="6"/>
    <General>
      <Flags>
        <AlwaysBuild Value="False"/>
      </Flags>
      <MainUnit Value="0"/>
      <IconPath Value="./"/>
      <TargetFileExt Value=""/>
      <Title Value="PSP"/>
      <ActiveEditorIndexAtStart Value="4"/>
    </General>
    <PublishOptions>
      <Version Value="2"/>
      <IgnoreBinaries Value="False"/>
      <IncludeFileFilter Value="*.(pas|pp|inc|lfm|lpr|lrs|lpi|lpk|sh|xml)"/>
      <ExcludeFileFilter Value="*.(bak|ppu|ppw|o|so);*~;backup"/>
    </PublishOptions>
    <RunParams>
      <local>
        <FormatVersion Value="1"/>
        <CommandLineParams Value=">Output.txt"/>
        <LaunchingApplication PathPlusParams="/usr/X11R6/bin/xterm -T 'Lazarus Run Output' -e $(LazarusDir)/tools/runwait.sh $(TargetCmdLine)"/>
        <Display Use="True"/>
      </local>
    </RunParams>
    <Units Count="36">
      <Unit0>
        <Filename Value="WebCMD.lpr"/>
        <IsPartOfProject Value="True"/>
        <UnitName Value="WebCMD"/>
        <CursorPos X="1" Y="25"/>
        <TopLine Value="3"/>
        <EditorIndex Value="0"/>
        <UsageCount Value="211"/>
        <Loaded Value="True"/>
      </Unit0>
      <Unit1>
        <Filename Value="PipeWrapperUnit.pp"/>
        <IsPartOfProject Value="True"/>
        <UnitName Value="PipeWrapperUnit"/>
        <CursorPos X="1" Y="37"/>
        <TopLine Value="9"/>
        <UsageCount Value="211"/>
      </Unit1>
      <Unit2>
        <Filename Value="ResidentApplicationUnit.pp"/>
        <IsPartOfProject Value="True"/>
        <UnitName Value="ResidentApplicationUnit"/>
        <CursorPos X="1" Y="157"/>
        <TopLine Value="144"/>
        <EditorIndex Value="6"/>
        <UsageCount Value="211"/>
        <Bookmarks Count="1">
          <Item0 X="1" Y="356" ID="1"/>
        </Bookmarks>
        <Loaded Value="True"/>
      </Unit2>
      <Unit3>
        <Filename Value="LoginPageUnit.pp"/>
        <IsPartOfProject Value="True"/>
        <UnitName Value="LoginPageUnit"/>
        <CursorPos X="1" Y="30"/>
        <TopLine Value="9"/>
        <EditorIndex Value="7"/>
        <UsageCount Value="211"/>
        <Loaded Value="True"/>
      </Unit3>
      <Unit4>
        <Filename Value="BaseClassUnit.pp"/>
        <IsPartOfProject Value="True"/>
        <UnitName Value="BaseClassUnit"/>
        <CursorPos X="34" Y="28"/>
        <TopLine Value="20"/>
        <UsageCount Value="210"/>
      </Unit4>
      <Unit5>
        <Filename Value="CollectionBaseUnit.pp"/>
        <UnitName Value="CollectionBaseUnit"/>
        <CursorPos X="1" Y="1"/>
        <TopLine Value="1"/>
        <UsageCount Value="200"/>
      </Unit5>
      <Unit6>
        <Filename Value="CollectionUnit.pp"/>
        <IsPartOfProject Value="True"/>
        <UnitName Value="CollectionUnit"/>
        <CursorPos X="5" Y="923"/>
        <TopLine Value="902"/>
        <EditorIndex Value="4"/>
        <UsageCount Value="210"/>
        <Loaded Value="True"/>
      </Unit6>
      <Unit7>
        <Filename Value="WebUnit.pp"/>
        <IsPartOfProject Value="True"/>
        <UnitName Value="WebUnit"/>
        <CursorPos X="1" Y="1715"/>
        <TopLine Value="1702"/>
        <EditorIndex Value="2"/>
        <UsageCount Value="208"/>
        <Loaded Value="True"/>
      </Unit7>
      <Unit8>
        <Filename Value="pwu.pp"/>
        <UnitName Value="pwu"/>
        <CursorPos X="1" Y="3548"/>
        <TopLine Value="3530"/>
        <UsageCount Value="37"/>
      </Unit8>
      <Unit9>
        <Filename Value="ResidentPageBaseUnit.pp"/>
        <IsPartOfProject Value="True"/>
        <UnitName Value="ResidentPageBaseUnit"/>
        <CursorPos X="1" Y="193"/>
        <TopLine Value="180"/>
        <EditorIndex Value="9"/>
        <UsageCount Value="200"/>
        <Bookmarks Count="1">
          <Item0 X="1" Y="196" ID="3"/>
        </Bookmarks>
        <Loaded Value="True"/>
      </Unit9>
      <Unit10>
        <Filename Value="Page2ResidentUnit.pp"/>
        <IsPartOfProject Value="True"/>
        <UnitName Value="Page2ResidentUnit"/>
        <CursorPos X="21" Y="48"/>
        <TopLine Value="34"/>
        <UsageCount Value="214"/>
      </Unit10>
      <Unit11>
        <Filename Value="ThisApplicationPagesUnit.pp"/>
        <IsPartOfProject Value="True"/>
        <UnitName Value="ThisApplicationPagesUnit"/>
        <CursorPos X="30" Y="1"/>
        <TopLine Value="1"/>
        <UsageCount Value="207"/>
      </Unit11>
      <Unit12>
        <Filename Value="substrings.pp"/>
        <IsPartOfProject Value="True"/>
        <UnitName Value="SubStrings"/>
        <CursorPos X="9" Y="588"/>
        <TopLine Value="584"/>
        <UsageCount Value="204"/>
      </Unit12>
      <Unit13>
        <Filename Value="URLEnc.pp"/>
        <IsPartOfProject Value="True"/>
        <UnitName Value="URLEnc"/>
        <CursorPos X="34" Y="23"/>
        <TopLine Value="1"/>
        <UsageCount Value="207"/>
      </Unit13>
      <Unit14>
        <Filename Value="SessionManagerUnit.pp"/>
        <IsPartOfProject Value="True"/>
        <UnitName Value="SessionManagerUnit"/>
        <CursorPos X="1" Y="130"/>
        <TopLine Value="129"/>
        <UsageCount Value="200"/>
      </Unit14>
      <Unit15>
        <Filename Value="WebStringUnit.pp"/>
        <IsPartOfProject Value="True"/>
        <UnitName Value="WebStringUnit"/>
        <CursorPos X="1" Y="23"/>
        <TopLine Value="9"/>
        <UsageCount Value="256"/>
      </Unit15>
      <Unit16>
        <Filename Value="RequestsQueue.pp"/>
        <IsPartOfProject Value="True"/>
        <UnitName Value="RequestsQueue"/>
        <CursorPos X="1" Y="229"/>
        <TopLine Value="216"/>
        <EditorIndex Value="5"/>
        <UsageCount Value="250"/>
        <Bookmarks Count="1">
          <Item0 X="1" Y="229" ID="2"/>
        </Bookmarks>
        <Loaded Value="True"/>
      </Unit16>
      <Unit17>
        <Filename Value="XML Handler/XMLNode.pp"/>
        <IsPartOfProject Value="True"/>
        <UnitName Value="XMLNode"/>
        <CursorPos X="1" Y="244"/>
        <TopLine Value="236"/>
        <UsageCount Value="202"/>
      </Unit17>
      <Unit18>
        <Filename Value="XML Handler/AttributeUnit.pp"/>
        <IsPartOfProject Value="True"/>
        <UnitName Value="AttributeUnit"/>
        <CursorPos X="13" Y="59"/>
        <TopLine Value="45"/>
        <UsageCount Value="202"/>
      </Unit18>
      <Unit19>
        <Filename Value="PSP.conf"/>
        <CursorPos X="29" Y="6"/>
        <TopLine Value="1"/>
        <UsageCount Value="22"/>
        <SyntaxHighlighter Value="None"/>
      </Unit19>
      <Unit20>
        <Filename Value="ThreadingUnit.pp"/>
        <UnitName Value="ThreadingUnit"/>
        <CursorPos X="1" Y="121"/>
        <TopLine Value="108"/>
        <EditorIndex Value="1"/>
        <UsageCount Value="100"/>
        <Loaded Value="True"/>
      </Unit20>
      <Unit21>
        <Filename Value="ThisProjectGlobalUnit.pp"/>
        <IsPartOfProject Value="True"/>
        <UnitName Value="ThisProject"/>
        <CursorPos X="1" Y="1"/>
        <TopLine Value="1"/>
        <UsageCount Value="175"/>
      </Unit21>
      <Unit22>
        <Filename Value="../psp-1.6.x-devel/main/pwumain.pas"/>
        <UnitName Value="pwumain"/>
        <CursorPos X="1" Y="673"/>
        <TopLine Value="670"/>
        <UsageCount Value="69"/>
        <Bookmarks Count="1">
          <Item0 X="1" Y="673" ID="2"/>
        </Bookmarks>
      </Unit22>
      <Unit23>
        <Filename Value="FileStringsUnit.pp"/>
        <UnitName Value="FileStringsUnit"/>
        <CursorPos X="19" Y="142"/>
        <TopLine Value="129"/>
        <UsageCount Value="10"/>
      </Unit23>
      <Unit24>
        <Filename Value="ExceptionUnit.pas"/>
        <IsPartOfProject Value="True"/>
        <UnitName Value="ExceptionUnit"/>
        <CursorPos X="43" Y="14"/>
        <TopLine Value="1"/>
        <UsageCount Value="38"/>
      </Unit24>
      <Unit25>
        <Filename Value="/usr/share/fpcsrc/rtl/inc/objpas.inc"/>
        <CursorPos X="1" Y="45"/>
        <TopLine Value="30"/>
        <UsageCount Value="10"/>
      </Unit25>
      <Unit26>
        <Filename Value="/usr/share/fpcsrc/rtl/i386/i386.inc"/>
        <CursorPos X="1" Y="1288"/>
        <TopLine Value="1275"/>
        <EditorIndex Value="3"/>
        <UsageCount Value="10"/>
        <Loaded Value="True"/>
      </Unit26>
      <Unit27>
        <Filename Value="/usr/share/fpcsrc/rtl/objpas/classes/stringl.inc"/>
        <CursorPos X="1" Y="918"/>
        <TopLine Value="904"/>
        <UsageCount Value="9"/>
      </Unit27>
      <Unit28>
        <Filename Value="/usr/share/fpcsrc/rtl/objpas/sysutils/sysstr.inc"/>
        <CursorPos X="1" Y="706"/>
        <TopLine Value="692"/>
        <UsageCount Value="9"/>
      </Unit28>
      <Unit29>
        <Filename Value="/usr/share/fpcsrc/rtl/inc/objpash.inc"/>
        <CursorPos X="23" Y="147"/>
        <TopLine Value="133"/>
        <UsageCount Value="9"/>
      </Unit29>
      <Unit30>
        <Filename Value="/usr/share/fpcsrc/rtl/inc/except.inc"/>
        <CursorPos X="34" Y="201"/>
        <TopLine Value="188"/>
        <UsageCount Value="10"/>
      </Unit30>
      <Unit31>
        <Filename Value="GlobalUnit.pp"/>
        <UnitName Value="GlobalUnit"/>
        <CursorPos X="14" Y="19"/>
        <TopLine Value="6"/>
        <UsageCount Value="10"/>
      </Unit31>
      <Unit32>
        <Filename Value="/usr/share/fpcsrc/rtl/inc/system.inc"/>
        <CursorPos X="1" Y="576"/>
        <TopLine Value="562"/>
        <UsageCount Value="10"/>
      </Unit32>
      <Unit33>
        <Filename Value="/usr/share/fpcsrc/rtl/inc/systemh.inc"/>
        <CursorPos X="11" Y="653"/>
        <TopLine Value="639"/>
        <UsageCount Value="9"/>
      </Unit33>
      <Unit34>
        <Filename Value="/usr/share/fpcsrc/rtl/darwin/i386/sighnd.inc"/>
        <CursorPos X="25" Y="45"/>
        <TopLine Value="24"/>
        <UsageCount Value="10"/>
      </Unit34>
      <Unit35>
        <Filename Value="MainPageUnit.pp"/>
        <IsPartOfProject Value="True"/>
        <UnitName Value="MainPageUnit"/>
        <CursorPos X="1" Y="40"/>
        <TopLine Value="23"/>
        <EditorIndex Value="8"/>
        <UsageCount Value="20"/>
        <Loaded Value="True"/>
      </Unit35>
    </Units>
    <JumpHistory Count="30" HistoryIndex="29">
      <Position1>
        <Filename Value="/usr/share/fpcsrc/rtl/i386/i386.inc"/>
        <Caret Line="1277" Column="1" TopLine="1264"/>
      </Position1>
      <Position2>
        <Filename Value="/usr/share/fpcsrc/rtl/i386/i386.inc"/>
        <Caret Line="1278" Column="1" TopLine="1265"/>
      </Position2>
      <Position3>
        <Filename Value="/usr/share/fpcsrc/rtl/i386/i386.inc"/>
        <Caret Line="1279" Column="1" TopLine="1266"/>
      </Position3>
      <Position4>
        <Filename Value="/usr/share/fpcsrc/rtl/i386/i386.inc"/>
        <Caret Line="1280" Column="1" TopLine="1267"/>
      </Position4>
      <Position5>
        <Filename Value="/usr/share/fpcsrc/rtl/i386/i386.inc"/>
        <Caret Line="1281" Column="1" TopLine="1268"/>
      </Position5>
      <Position6>
        <Filename Value="/usr/share/fpcsrc/rtl/i386/i386.inc"/>
        <Caret Line="1282" Column="1" TopLine="1269"/>
      </Position6>
      <Position7>
        <Filename Value="/usr/share/fpcsrc/rtl/i386/i386.inc"/>
        <Caret Line="1287" Column="1" TopLine="1274"/>
      </Position7>
      <Position8>
        <Filename Value="/usr/share/fpcsrc/rtl/i386/i386.inc"/>
        <Caret Line="1288" Column="1" TopLine="1275"/>
      </Position8>
      <Position9>
        <Filename Value="WebUnit.pp"/>
        <Caret Line="1856" Column="1" TopLine="1843"/>
      </Position9>
      <Position10>
        <Filename Value="CollectionUnit.pp"/>
        <Caret Line="989" Column="1" TopLine="976"/>
      </Position10>
      <Position11>
        <Filename Value="CollectionUnit.pp"/>
        <Caret Line="990" Column="1" TopLine="977"/>
      </Position11>
      <Position12>
        <Filename Value="CollectionUnit.pp"/>
        <Caret Line="992" Column="1" TopLine="979"/>
      </Position12>
      <Position13>
        <Filename Value="CollectionUnit.pp"/>
        <Caret Line="993" Column="1" TopLine="980"/>
      </Position13>
      <Position14>
        <Filename Value="CollectionUnit.pp"/>
        <Caret Line="994" Column="1" TopLine="981"/>
      </Position14>
      <Position15>
        <Filename Value="CollectionUnit.pp"/>
        <Caret Line="996" Column="1" TopLine="983"/>
      </Position15>
      <Position16>
        <Filename Value="WebUnit.pp"/>
        <Caret Line="1858" Column="1" TopLine="1845"/>
      </Position16>
      <Position17>
        <Filename Value="WebUnit.pp"/>
        <Caret Line="1832" Column="1" TopLine="1819"/>
      </Position17>
      <Position18>
        <Filename Value="ThreadingUnit.pp"/>
        <Caret Line="115" Column="1" TopLine="102"/>
      </Position18>
      <Position19>
        <Filename Value="ThreadingUnit.pp"/>
        <Caret Line="119" Column="1" TopLine="106"/>
      </Position19>
      <Position20>
        <Filename Value="ThreadingUnit.pp"/>
        <Caret Line="120" Column="1" TopLine="107"/>
      </Position20>
      <Position21>
        <Filename Value="ThreadingUnit.pp"/>
        <Caret Line="121" Column="1" TopLine="108"/>
      </Position21>
      <Position22>
        <Filename Value="MainPageUnit.pp"/>
        <Caret Line="37" Column="1" TopLine="23"/>
      </Position22>
      <Position23>
        <Filename Value="MainPageUnit.pp"/>
        <Caret Line="38" Column="1" TopLine="23"/>
      </Position23>
      <Position24>
        <Filename Value="MainPageUnit.pp"/>
        <Caret Line="39" Column="1" TopLine="23"/>
      </Position24>
      <Position25>
        <Filename Value="MainPageUnit.pp"/>
        <Caret Line="40" Column="1" TopLine="23"/>
      </Position25>
      <Position26>
        <Filename Value="WebUnit.pp"/>
        <Caret Line="1714" Column="1" TopLine="1701"/>
      </Position26>
      <Position27>
        <Filename Value="WebUnit.pp"/>
        <Caret Line="1715" Column="1" TopLine="1702"/>
      </Position27>
      <Position28>
        <Filename Value="CollectionUnit.pp"/>
        <Caret Line="911" Column="1" TopLine="898"/>
      </Position28>
      <Position29>
        <Filename Value="CollectionUnit.pp"/>
        <Caret Line="912" Column="1" TopLine="899"/>
      </Position29>
      <Position30>
        <Filename Value="CollectionUnit.pp"/>
        <Caret Line="913" Column="1" TopLine="900"/>
      </Position30>
    </JumpHistory>
  </ProjectOptions>
  <CompilerOptions>
    <Version Value="5"/>
    <SearchPaths>
      <OtherUnitFiles Value="Pages/;Extra/;XML Handler/"/>
    </SearchPaths>
    <Parsing>
      <SyntaxOptions>
        <DelphiCompat Value="True"/>
      </SyntaxOptions>
    </Parsing>
    <CodeGeneration>
      <Generate Value="Faster"/>
    </CodeGeneration>
    <Other>
      <CompilerPath Value="$(CompPath)"/>
    </Other>
  </CompilerOptions>
  <Debugging>
    <BreakPoints Count="10">
      <Item1>
        <Source Value="ResidentApplicationUnit.pp"/>
        <Line Value="344"/>
      </Item1>
      <Item2>
        <Source Value="WebUnit.pp"/>
        <Line Value="698"/>
      </Item2>
      <Item3>
        <Source Value="WebUnit.pp"/>
        <Line Value="511"/>
      </Item3>
      <Item4>
        <Source Value="MainPageUnit.pp"/>
        <Line Value="41"/>
      </Item4>
      <Item5>
        <Source Value="WebUnit.pp"/>
        <Line Value="1779"/>
      </Item5>
      <Item6>
        <Source Value="MainPageUnit.pp"/>
        <Line Value="40"/>
      </Item6>
      <Item7>
        <Source Value="MainPageUnit.pp"/>
        <Line Value="39"/>
      </Item7>
      <Item8>
        <Source Value="MainPageUnit.pp"/>
        <Line Value="38"/>
      </Item8>
      <Item9>
        <Source Value="WebUnit.pp"/>
        <Line Value="1856"/>
      </Item9>
      <Item10>
        <Source Value="WebUnit.pp"/>
        <Line Value="1827"/>
      </Item10>
    </BreakPoints>
    <Watches Count="3">
      <Item1>
        <Expression Value="Str"/>
      </Item1>
      <Item2>
        <Expression Value="Self"/>
      </Item2>
      <Item3>
        <Expression Value="FSize"/>
      </Item3>
    </Watches>
    <Exceptions Count="5">
      <Item1>
        <Name Value="ECodetoolError"/>
      </Item1>
      <Item2>
        <Name Value="EFOpenError"/>
      </Item2>
      <Item3>
        <Name Value="EVariableNotFound"/>
        <Enabled Value="False"/>
      </Item3>
      <Item4>
        <Name Value="EQueueIsEmpty"/>
      </Item4>
      <Item5>
        <Name Value="ENameNotFound"/>
        <Enabled Value="False"/>
      </Item5>
    </Exceptions>
  </Debugging>
</CONFIG>
