<?xml version="1.0"?>
<CONFIG>
  <ProjectOptions>
    <PathDelim Value="/"/>
    <Version Value="6"/>
    <General>
      <Flags>
        <AlwaysBuild Value="False"/>
      </Flags>
      <MainUnit Value="0"/>
      <IconPath Value="./"/>
      <TargetFileExt Value=""/>
      <Title Value="PSP"/>
      <ActiveEditorIndexAtStart Value="0"/>
    </General>
    <PublishOptions>
      <Version Value="2"/>
      <IgnoreBinaries Value="False"/>
      <IncludeFileFilter Value="*.(pas|pp|inc|lfm|lpr|lrs|lpi|lpk|sh|xml)"/>
      <ExcludeFileFilter Value="*.(bak|ppu|ppw|o|so);*~;backup"/>
    </PublishOptions>
    <RunParams>
      <local>
        <FormatVersion Value="1"/>
        <CommandLineParams Value=">Output.txt"/>
        <LaunchingApplication PathPlusParams="/usr/X11R6/bin/xterm -T 'Lazarus Run Output' -e $(LazarusDir)/tools/runwait.sh $(TargetCmdLine)"/>
        <Display Use="True"/>
      </local>
    </RunParams>
    <Units Count="42">
      <Unit0>
        <Filename Value="WebCMD.lpr"/>
        <IsPartOfProject Value="True"/>
        <UnitName Value="WebCMD"/>
        <CursorPos X="1" Y="21"/>
        <TopLine Value="1"/>
        <EditorIndex Value="0"/>
        <UsageCount Value="211"/>
        <Loaded Value="True"/>
      </Unit0>
      <Unit1>
        <Filename Value="PipeWrapperUnit.pp"/>
        <IsPartOfProject Value="True"/>
        <UnitName Value="PipeWrapperUnit"/>
        <CursorPos X="1" Y="37"/>
        <TopLine Value="9"/>
        <UsageCount Value="211"/>
      </Unit1>
      <Unit2>
        <Filename Value="ResidentApplicationUnit.pp"/>
        <IsPartOfProject Value="True"/>
        <UnitName Value="ResidentApplicationUnit"/>
        <CursorPos X="1" Y="496"/>
        <TopLine Value="479"/>
        <EditorIndex Value="1"/>
        <UsageCount Value="211"/>
        <Bookmarks Count="2">
          <Item0 X="1" Y="445" ID="1"/>
          <Item1 X="15" Y="86" ID="2"/>
        </Bookmarks>
        <Loaded Value="True"/>
      </Unit2>
      <Unit3>
        <Filename Value="LoginPageUnit.pp"/>
        <IsPartOfProject Value="True"/>
        <UnitName Value="LoginPageUnit"/>
        <CursorPos X="1" Y="1"/>
        <TopLine Value="1"/>
        <EditorIndex Value="5"/>
        <UsageCount Value="211"/>
        <Loaded Value="True"/>
      </Unit3>
      <Unit4>
        <Filename Value="BaseClassUnit.pp"/>
        <IsPartOfProject Value="True"/>
        <UnitName Value="BaseClassUnit"/>
        <CursorPos X="34" Y="28"/>
        <TopLine Value="20"/>
        <UsageCount Value="210"/>
      </Unit4>
      <Unit5>
        <Filename Value="CollectionBaseUnit.pp"/>
        <UnitName Value="CollectionBaseUnit"/>
        <CursorPos X="1" Y="1"/>
        <TopLine Value="1"/>
        <UsageCount Value="192"/>
      </Unit5>
      <Unit6>
        <Filename Value="CollectionUnit.pp"/>
        <IsPartOfProject Value="True"/>
        <UnitName Value="CollectionUnit"/>
        <CursorPos X="1" Y="202"/>
        <TopLine Value="189"/>
        <EditorIndex Value="6"/>
        <UsageCount Value="210"/>
        <Loaded Value="True"/>
      </Unit6>
      <Unit7>
        <Filename Value="WebUnit.pp"/>
        <IsPartOfProject Value="True"/>
        <UnitName Value="WebUnit"/>
        <CursorPos X="3" Y="492"/>
        <TopLine Value="479"/>
        <UsageCount Value="208"/>
      </Unit7>
      <Unit8>
        <Filename Value="pwu.pp"/>
        <UnitName Value="pwu"/>
        <CursorPos X="1" Y="3548"/>
        <TopLine Value="3530"/>
        <UsageCount Value="29"/>
      </Unit8>
      <Unit9>
        <Filename Value="ResidentPageBaseUnit.pp"/>
        <IsPartOfProject Value="True"/>
        <UnitName Value="ResidentPageBaseUnit"/>
        <CursorPos X="36" Y="127"/>
        <TopLine Value="116"/>
        <EditorIndex Value="3"/>
        <UsageCount Value="200"/>
        <Bookmarks Count="1">
          <Item0 X="1" Y="234" ID="3"/>
        </Bookmarks>
        <Loaded Value="True"/>
      </Unit9>
      <Unit10>
        <Filename Value="Page2ResidentUnit.pp"/>
        <IsPartOfProject Value="True"/>
        <UnitName Value="Page2ResidentUnit"/>
        <CursorPos X="21" Y="48"/>
        <TopLine Value="34"/>
        <UsageCount Value="214"/>
      </Unit10>
      <Unit11>
        <Filename Value="ThisApplicationPagesUnit.pp"/>
        <IsPartOfProject Value="True"/>
        <UnitName Value="ThisApplicationPagesUnit"/>
        <CursorPos X="1" Y="52"/>
        <TopLine Value="39"/>
        <UsageCount Value="207"/>
      </Unit11>
      <Unit12>
        <Filename Value="substrings.pp"/>
        <IsPartOfProject Value="True"/>
        <UnitName Value="SubStrings"/>
        <CursorPos X="9" Y="588"/>
        <TopLine Value="584"/>
        <UsageCount Value="204"/>
      </Unit12>
      <Unit13>
        <Filename Value="URLEnc.pp"/>
        <IsPartOfProject Value="True"/>
        <UnitName Value="URLEnc"/>
        <CursorPos X="34" Y="23"/>
        <TopLine Value="1"/>
        <UsageCount Value="207"/>
      </Unit13>
      <Unit14>
        <Filename Value="SessionManagerUnit.pp"/>
        <IsPartOfProject Value="True"/>
        <UnitName Value="SessionManagerUnit"/>
        <CursorPos X="3" Y="150"/>
        <TopLine Value="143"/>
        <EditorIndex Value="4"/>
        <UsageCount Value="200"/>
        <Loaded Value="True"/>
      </Unit14>
      <Unit15>
        <Filename Value="WebStringUnit.pp"/>
        <IsPartOfProject Value="True"/>
        <UnitName Value="WebStringUnit"/>
        <CursorPos X="1" Y="23"/>
        <TopLine Value="9"/>
        <UsageCount Value="256"/>
      </Unit15>
      <Unit16>
        <Filename Value="RequestsQueue.pp"/>
        <IsPartOfProject Value="True"/>
        <UnitName Value="RequestsQueue"/>
        <CursorPos X="1" Y="152"/>
        <TopLine Value="139"/>
        <UsageCount Value="250"/>
      </Unit16>
      <Unit17>
        <Filename Value="XML Handler/XMLNode.pp"/>
        <UnitName Value="XMLNode"/>
        <CursorPos X="1" Y="244"/>
        <TopLine Value="236"/>
        <UsageCount Value="202"/>
      </Unit17>
      <Unit18>
        <Filename Value="XML Handler/AttributeUnit.pp"/>
        <UnitName Value="AttributeUnit"/>
        <CursorPos X="13" Y="59"/>
        <TopLine Value="45"/>
        <UsageCount Value="202"/>
      </Unit18>
      <Unit19>
        <Filename Value="PSP.conf"/>
        <CursorPos X="10" Y="10"/>
        <TopLine Value="1"/>
        <UsageCount Value="17"/>
        <SyntaxHighlighter Value="None"/>
      </Unit19>
      <Unit20>
        <Filename Value="ThreadingUnit.pp"/>
        <UnitName Value="ThreadingUnit"/>
        <CursorPos X="1" Y="80"/>
        <TopLine Value="67"/>
        <UsageCount Value="100"/>
      </Unit20>
      <Unit21>
        <Filename Value="ThisProjectGlobalUnit.pp"/>
        <IsPartOfProject Value="True"/>
        <UnitName Value="ThisProjectGlobalUnit"/>
        <CursorPos X="1" Y="42"/>
        <TopLine Value="23"/>
        <EditorIndex Value="8"/>
        <UsageCount Value="260"/>
        <Loaded Value="True"/>
      </Unit21>
      <Unit22>
        <Filename Value="../psp-1.6.x-devel/main/pwumain.pas"/>
        <UnitName Value="pwumain"/>
        <CursorPos X="1" Y="673"/>
        <TopLine Value="670"/>
        <UsageCount Value="61"/>
        <Bookmarks Count="1">
          <Item0 X="1" Y="673" ID="2"/>
        </Bookmarks>
      </Unit22>
      <Unit23>
        <Filename Value="FileStringsUnit.pp"/>
        <UnitName Value="FileStringsUnit"/>
        <CursorPos X="19" Y="142"/>
        <TopLine Value="129"/>
        <UsageCount Value="2"/>
      </Unit23>
      <Unit24>
        <Filename Value="ExceptionUnit.pas"/>
        <IsPartOfProject Value="True"/>
        <UnitName Value="ExceptionUnit"/>
        <CursorPos X="43" Y="14"/>
        <TopLine Value="1"/>
        <UsageCount Value="134"/>
      </Unit24>
      <Unit25>
        <Filename Value="/usr/share/fpcsrc/rtl/inc/objpas.inc"/>
        <CursorPos X="1" Y="45"/>
        <TopLine Value="30"/>
        <UsageCount Value="2"/>
      </Unit25>
      <Unit26>
        <Filename Value="/usr/share/fpcsrc/rtl/i386/i386.inc"/>
        <CursorPos X="1" Y="1250"/>
        <TopLine Value="1237"/>
        <UsageCount Value="3"/>
      </Unit26>
      <Unit27>
        <Filename Value="/usr/share/fpcsrc/rtl/objpas/classes/stringl.inc"/>
        <CursorPos X="1" Y="918"/>
        <TopLine Value="904"/>
        <UsageCount Value="1"/>
      </Unit27>
      <Unit28>
        <Filename Value="/usr/share/fpcsrc/rtl/objpas/sysutils/sysstr.inc"/>
        <CursorPos X="42" Y="770"/>
        <TopLine Value="766"/>
        <UsageCount Value="10"/>
      </Unit28>
      <Unit29>
        <Filename Value="/usr/share/fpcsrc/rtl/inc/objpash.inc"/>
        <CursorPos X="21" Y="156"/>
        <TopLine Value="143"/>
        <UsageCount Value="10"/>
      </Unit29>
      <Unit30>
        <Filename Value="/usr/share/fpcsrc/rtl/inc/except.inc"/>
        <CursorPos X="34" Y="201"/>
        <TopLine Value="188"/>
        <UsageCount Value="2"/>
      </Unit30>
      <Unit31>
        <Filename Value="GlobalUnit.pp"/>
        <UnitName Value="GlobalUnit"/>
        <CursorPos X="1" Y="42"/>
        <TopLine Value="29"/>
        <EditorIndex Value="7"/>
        <UsageCount Value="10"/>
        <Loaded Value="True"/>
      </Unit31>
      <Unit32>
        <Filename Value="/usr/share/fpcsrc/rtl/inc/system.inc"/>
        <CursorPos X="1" Y="674"/>
        <TopLine Value="661"/>
        <EditorIndex Value="9"/>
        <UsageCount Value="10"/>
        <Loaded Value="True"/>
      </Unit32>
      <Unit33>
        <Filename Value="/usr/share/fpcsrc/rtl/inc/systemh.inc"/>
        <CursorPos X="11" Y="653"/>
        <TopLine Value="639"/>
        <UsageCount Value="1"/>
      </Unit33>
      <Unit34>
        <Filename Value="/usr/share/fpcsrc/rtl/darwin/i386/sighnd.inc"/>
        <CursorPos X="25" Y="45"/>
        <TopLine Value="24"/>
        <UsageCount Value="2"/>
      </Unit34>
      <Unit35>
        <Filename Value="MainPageUnit.pp"/>
        <IsPartOfProject Value="True"/>
        <UnitName Value="MainPageUnit"/>
        <CursorPos X="1" Y="56"/>
        <TopLine Value="33"/>
        <EditorIndex Value="2"/>
        <UsageCount Value="116"/>
        <Loaded Value="True"/>
      </Unit35>
      <Unit36>
        <Filename Value="XMLNode.pp"/>
        <IsPartOfProject Value="True"/>
        <UnitName Value="XMLNode"/>
        <CursorPos X="5" Y="181"/>
        <TopLine Value="175"/>
        <EditorIndex Value="11"/>
        <UsageCount Value="24"/>
        <Loaded Value="True"/>
      </Unit36>
      <Unit37>
        <Filename Value="AttributeUnit.pp"/>
        <IsPartOfProject Value="True"/>
        <UnitName Value="AttributeUnit"/>
        <CursorPos X="30" Y="394"/>
        <TopLine Value="382"/>
        <EditorIndex Value="10"/>
        <UsageCount Value="24"/>
        <Loaded Value="True"/>
      </Unit37>
      <Unit38>
        <Filename Value="/usr/share/fpcsrc/rtl/objpas/sysutils/intfh.inc"/>
        <CursorPos X="37" Y="32"/>
        <TopLine Value="8"/>
        <UsageCount Value="10"/>
      </Unit38>
      <Unit39>
        <Filename Value="/usr/share/fpcsrc/rtl/objpas/sysutils/sysuintf.inc"/>
        <CursorPos X="3" Y="1"/>
        <TopLine Value="1"/>
        <UsageCount Value="10"/>
      </Unit39>
      <Unit40>
        <Filename Value="/usr/share/fpcsrc/rtl/objpas/sysutils/sysstrh.inc"/>
        <CursorPos X="10" Y="110"/>
        <TopLine Value="97"/>
        <UsageCount Value="10"/>
      </Unit40>
      <Unit41>
        <Filename Value="/usr/share/fpcsrc/packages/fcl-base/src/inc/custapp.pp"/>
        <UnitName Value="CustApp"/>
        <CursorPos X="1" Y="175"/>
        <TopLine Value="162"/>
        <UsageCount Value="10"/>
      </Unit41>
    </Units>
    <JumpHistory Count="2" HistoryIndex="1">
      <Position1>
        <Filename Value="/usr/share/fpcsrc/rtl/inc/system.inc"/>
        <Caret Line="672" Column="1" TopLine="659"/>
      </Position1>
      <Position2>
        <Filename Value="/usr/share/fpcsrc/rtl/inc/system.inc"/>
        <Caret Line="674" Column="1" TopLine="661"/>
      </Position2>
    </JumpHistory>
  </ProjectOptions>
  <CompilerOptions>
    <Version Value="5"/>
    <SearchPaths>
      <OtherUnitFiles Value="Pages/;Extra/;XML Handler/"/>
    </SearchPaths>
    <Parsing>
      <SyntaxOptions>
        <DelphiCompat Value="True"/>
      </SyntaxOptions>
    </Parsing>
    <CodeGeneration>
      <Generate Value="Faster"/>
    </CodeGeneration>
    <Other>
      <CompilerPath Value="$(CompPath)"/>
    </Other>
  </CompilerOptions>
  <Debugging>
    <BreakPoints Count="2">
      <Item1>
        <Source Value="WebUnit.pp"/>
        <Line Value="732"/>
      </Item1>
      <Item2>
        <Source Value="ResidentApplicationUnit.pp"/>
        <Line Value="483"/>
      </Item2>
    </BreakPoints>
    <Watches Count="3">
      <Item1>
        <Expression Value="Str"/>
      </Item1>
      <Item2>
        <Expression Value="Self"/>
      </Item2>
      <Item3>
        <Expression Value="FSize"/>
      </Item3>
    </Watches>
    <Exceptions Count="5">
      <Item1>
        <Name Value="ECodetoolError"/>
      </Item1>
      <Item2>
        <Name Value="EFOpenError"/>
      </Item2>
      <Item3>
        <Name Value="EVariableNotFound"/>
      </Item3>
      <Item4>
        <Name Value="EQueueIsEmpty"/>
      </Item4>
      <Item5>
        <Name Value="ENameNotFound"/>
      </Item5>
    </Exceptions>
  </Debugging>
</CONFIG>
