<?xml version="1.0"?>
<CONFIG>
  <ProjectOptions>
    <Version Value="7"/>
    <General>
      <MainUnit Value="0"/>
      <TargetFileExt Value=""/>
      <UseXPManifest Value="True"/>
      <ActiveEditorIndexAtStart Value="1"/>
    </General>
    <VersionInfo>
      <ProjectVersion Value=""/>
      <Language Value=""/>
      <CharSet Value=""/>
    </VersionInfo>
    <PublishOptions>
      <Version Value="2"/>
      <IgnoreBinaries Value="False"/>
      <IncludeFileFilter Value="*.(pas|pp|inc|lfm|lpr|lrs|lpi|lpk|sh|xml)"/>
      <ExcludeFileFilter Value="*.(bak|ppu|ppw|o|so);*~;backup"/>
    </PublishOptions>
    <RunParams>
      <local>
        <FormatVersion Value="1"/>
        <LaunchingApplication PathPlusParams="/usr/X11R6/bin/xterm -T 'Lazarus Run Output' -e $(LazarusDir)/tools/runwait.sh $(TargetCmdLine)"/>
      </local>
    </RunParams>
    <RequiredPackages Count="1">
      <Item1>
        <PackageName Value="LCL"/>
      </Item1>
    </RequiredPackages>
    <Units Count="7">
      <Unit0>
        <Filename Value="PSP.lpr"/>
        <IsPartOfProject Value="True"/>
        <UnitName Value="PSP"/>
        <CursorPos X="3" Y="25"/>
        <TopLine Value="2"/>
        <EditorIndex Value="0"/>
        <UsageCount Value="20"/>
        <Loaded Value="True"/>
      </Unit0>
      <Unit1>
        <Filename Value="AdminPageDispatcherUnit.pp"/>
        <UnitName Value="AdminPageDispatcherUnit"/>
        <CursorPos X="31" Y="8"/>
        <TopLine Value="1"/>
        <UsageCount Value="10"/>
      </Unit1>
      <Unit2>
        <Filename Value="ResidentPageBaseUnit.pp"/>
        <UnitName Value="ResidentPageBaseUnit"/>
        <CursorPos X="1" Y="1"/>
        <TopLine Value="1"/>
        <UsageCount Value="10"/>
      </Unit2>
      <Unit3>
        <Filename Value="PipeWrapperUnit.pp"/>
        <UnitName Value="PipeWrapperUnit"/>
        <CursorPos X="1" Y="1"/>
        <TopLine Value="1"/>
        <UsageCount Value="10"/>
      </Unit3>
      <Unit4>
        <Filename Value="ResidentApplicationUnit.pp"/>
        <UnitName Value="ResidentApplicationUnit"/>
        <CursorPos X="26" Y="168"/>
        <TopLine Value="168"/>
        <EditorIndex Value="1"/>
        <UsageCount Value="10"/>
        <Loaded Value="True"/>
      </Unit4>
      <Unit5>
        <Filename Value="AbstractHandlerUnit.pp"/>
        <UnitName Value="AbstractHandlerUnit"/>
        <CursorPos X="1" Y="71"/>
        <TopLine Value="71"/>
        <UsageCount Value="10"/>
      </Unit5>
      <Unit6>
        <Filename Value="RequestsQueue.pp"/>
        <UnitName Value="RequestsQueue"/>
        <CursorPos X="15" Y="57"/>
        <TopLine Value="46"/>
        <EditorIndex Value="2"/>
        <UsageCount Value="10"/>
        <Loaded Value="True"/>
      </Unit6>
    </Units>
    <JumpHistory Count="29" HistoryIndex="28">
      <Position1>
        <Filename Value="PSP.lpr"/>
        <Caret Line="16" Column="18" TopLine="1"/>
      </Position1>
      <Position2>
        <Filename Value="PSP.lpr"/>
        <Caret Line="20" Column="14" TopLine="1"/>
      </Position2>
      <Position3>
        <Filename Value="ResidentApplicationUnit.pp"/>
        <Caret Line="29" Column="26" TopLine="15"/>
      </Position3>
      <Position4>
        <Filename Value="ResidentApplicationUnit.pp"/>
        <Caret Line="30" Column="58" TopLine="15"/>
      </Position4>
      <Position5>
        <Filename Value="ResidentApplicationUnit.pp"/>
        <Caret Line="37" Column="52" TopLine="15"/>
      </Position5>
      <Position6>
        <Filename Value="ResidentApplicationUnit.pp"/>
        <Caret Line="43" Column="35" TopLine="29"/>
      </Position6>
      <Position7>
        <Filename Value="ResidentApplicationUnit.pp"/>
        <Caret Line="47" Column="9" TopLine="29"/>
      </Position7>
      <Position8>
        <Filename Value="ResidentApplicationUnit.pp"/>
        <Caret Line="78" Column="9" TopLine="64"/>
      </Position8>
      <Position9>
        <Filename Value="ResidentApplicationUnit.pp"/>
        <Caret Line="80" Column="7" TopLine="64"/>
      </Position9>
      <Position10>
        <Filename Value="ResidentApplicationUnit.pp"/>
        <Caret Line="82" Column="15" TopLine="64"/>
      </Position10>
      <Position11>
        <Filename Value="ResidentApplicationUnit.pp"/>
        <Caret Line="85" Column="9" TopLine="64"/>
      </Position11>
      <Position12>
        <Filename Value="ResidentApplicationUnit.pp"/>
        <Caret Line="90" Column="19" TopLine="64"/>
      </Position12>
      <Position13>
        <Filename Value="ResidentApplicationUnit.pp"/>
        <Caret Line="101" Column="21" TopLine="87"/>
      </Position13>
      <Position14>
        <Filename Value="ResidentApplicationUnit.pp"/>
        <Caret Line="112" Column="78" TopLine="87"/>
      </Position14>
      <Position15>
        <Filename Value="ResidentApplicationUnit.pp"/>
        <Caret Line="113" Column="75" TopLine="87"/>
      </Position15>
      <Position16>
        <Filename Value="ResidentApplicationUnit.pp"/>
        <Caret Line="114" Column="60" TopLine="87"/>
      </Position16>
      <Position17>
        <Filename Value="ResidentApplicationUnit.pp"/>
        <Caret Line="150" Column="1" TopLine="136"/>
      </Position17>
      <Position18>
        <Filename Value="PSP.lpr"/>
        <Caret Line="17" Column="20" TopLine="1"/>
      </Position18>
      <Position19>
        <Filename Value="PSP.lpr"/>
        <Caret Line="23" Column="28" TopLine="1"/>
      </Position19>
      <Position20>
        <Filename Value="ResidentApplicationUnit.pp"/>
        <Caret Line="598" Column="9" TopLine="584"/>
      </Position20>
      <Position21>
        <Filename Value="ResidentApplicationUnit.pp"/>
        <Caret Line="384" Column="8" TopLine="366"/>
      </Position21>
      <Position22>
        <Filename Value="ResidentApplicationUnit.pp"/>
        <Caret Line="760" Column="12" TopLine="741"/>
      </Position22>
      <Position23>
        <Filename Value="ResidentApplicationUnit.pp"/>
        <Caret Line="676" Column="58" TopLine="658"/>
      </Position23>
      <Position24>
        <Filename Value="ResidentApplicationUnit.pp"/>
        <Caret Line="1" Column="1" TopLine="1"/>
      </Position24>
      <Position25>
        <Filename Value="PSP.lpr"/>
        <Caret Line="25" Column="63" TopLine="1"/>
      </Position25>
      <Position26>
        <Filename Value="ResidentApplicationUnit.pp"/>
        <Caret Line="675" Column="1" TopLine="656"/>
      </Position26>
      <Position27>
        <Filename Value="RequestsQueue.pp"/>
        <Caret Line="1" Column="1" TopLine="1"/>
      </Position27>
      <Position28>
        <Filename Value="ResidentApplicationUnit.pp"/>
        <Caret Line="801" Column="36" TopLine="792"/>
      </Position28>
      <Position29>
        <Filename Value="ResidentApplicationUnit.pp"/>
        <Caret Line="168" Column="40" TopLine="158"/>
      </Position29>
    </JumpHistory>
  </ProjectOptions>
  <CompilerOptions>
    <Version Value="8"/>
    <SearchPaths>
      <IncludeFiles Value="$(ProjOutDir)/"/>
    </SearchPaths>
    <Linking>
      <Options>
        <Win32>
          <GraphicApplication Value="True"/>
        </Win32>
      </Options>
    </Linking>
    <Other>
      <CompilerPath Value="$(CompPath)"/>
    </Other>
  </CompilerOptions>
  <Debugging>
    <Exceptions Count="3">
      <Item1>
        <Name Value="EAbort"/>
      </Item1>
      <Item2>
        <Name Value="ECodetoolError"/>
      </Item2>
      <Item3>
        <Name Value="EFOpenError"/>
      </Item3>
    </Exceptions>
  </Debugging>
</CONFIG>
