<?xml version="1.0"?>
<CONFIG>
  <ProjectOptions>
    <Version Value="7"/>
    <General>
      <MainUnit Value="0"/>
      <TargetFileExt Value=""/>
      <UseXPManifest Value="True"/>
      <ActiveEditorIndexAtStart Value="1"/>
    </General>
    <VersionInfo>
      <ProjectVersion Value=""/>
      <Language Value=""/>
      <CharSet Value=""/>
    </VersionInfo>
    <PublishOptions>
      <Version Value="2"/>
      <IgnoreBinaries Value="False"/>
      <IncludeFileFilter Value="*.(pas|pp|inc|lfm|lpr|lrs|lpi|lpk|sh|xml)"/>
      <ExcludeFileFilter Value="*.(bak|ppu|ppw|o|so);*~;backup"/>
    </PublishOptions>
    <RunParams>
      <local>
        <FormatVersion Value="1"/>
        <LaunchingApplication PathPlusParams="/usr/X11R6/bin/xterm -T 'Lazarus Run Output' -e $(LazarusDir)/tools/runwait.sh $(TargetCmdLine)"/>
      </local>
    </RunParams>
    <RequiredPackages Count="1">
      <Item1>
        <PackageName Value="LCL"/>
      </Item1>
    </RequiredPackages>
    <Units Count="34">
      <Unit0>
        <Filename Value="PSP.lpr"/>
        <IsPartOfProject Value="True"/>
        <UnitName Value="PSP"/>
        <CursorPos X="43" Y="16"/>
        <TopLine Value="1"/>
        <EditorIndex Value="0"/>
        <UsageCount Value="24"/>
        <Loaded Value="True"/>
      </Unit0>
      <Unit1>
        <Filename Value="AdminPageDispatcherUnit.pp"/>
        <UnitName Value="AdminPageDispatcherUnit"/>
        <CursorPos X="31" Y="8"/>
        <TopLine Value="1"/>
        <UsageCount Value="10"/>
      </Unit1>
      <Unit2>
        <Filename Value="ResidentPageBaseUnit.pp"/>
        <UnitName Value="ResidentPageBaseUnit"/>
        <CursorPos X="1" Y="1"/>
        <TopLine Value="1"/>
        <UsageCount Value="10"/>
      </Unit2>
      <Unit3>
        <Filename Value="PipeWrapperUnit.pp"/>
        <UnitName Value="PipeWrapperUnit"/>
        <CursorPos X="1" Y="1"/>
        <TopLine Value="1"/>
        <UsageCount Value="10"/>
      </Unit3>
      <Unit4>
        <Filename Value="ResidentApplicationUnit.pp"/>
        <UnitName Value="ResidentApplicationUnit"/>
        <CursorPos X="17" Y="163"/>
        <TopLine Value="150"/>
        <UsageCount Value="11"/>
        <Bookmarks Count="4">
          <Item0 X="1" Y="136" ID="1"/>
          <Item1 X="1" Y="153" ID="2"/>
          <Item2 X="6" Y="864" ID="3"/>
          <Item3 X="17" Y="163" ID="4"/>
        </Bookmarks>
      </Unit4>
      <Unit5>
        <Filename Value="AbstractHandlerUnit.pp"/>
        <UnitName Value="AbstractHandlerUnit"/>
        <CursorPos X="11" Y="374"/>
        <TopLine Value="357"/>
        <UsageCount Value="10"/>
      </Unit5>
      <Unit6>
        <Filename Value="RequestsQueue.pp"/>
        <UnitName Value="RequestsQueue"/>
        <CursorPos X="53" Y="137"/>
        <TopLine Value="137"/>
        <UsageCount Value="11"/>
        <Bookmarks Count="1">
          <Item0 X="39" Y="61" ID="5"/>
        </Bookmarks>
      </Unit6>
      <Unit7>
        <Filename Value="CookieUnit.pp"/>
        <UnitName Value="CookieUnit"/>
        <CursorPos X="27" Y="161"/>
        <TopLine Value="152"/>
        <EditorIndex Value="1"/>
        <UsageCount Value="12"/>
        <Loaded Value="True"/>
      </Unit7>
      <Unit8>
        <Filename Value="WebHeaderUnit.pp"/>
        <UnitName Value="WebHeaderUnit"/>
        <CursorPos X="48" Y="28"/>
        <TopLine Value="2"/>
        <EditorIndex Value="2"/>
        <UsageCount Value="10"/>
        <Loaded Value="True"/>
      </Unit8>
      <Unit9>
        <Filename Value="FileStringsUnit.pp"/>
        <UnitName Value="FileStringsUnit"/>
        <CursorPos X="28" Y="99"/>
        <TopLine Value="82"/>
        <UsageCount Value="10"/>
      </Unit9>
      <Unit10>
        <Filename Value="CgiVariableUnit.pp"/>
        <UnitName Value="CgiVariableUnit"/>
        <CursorPos X="3" Y="87"/>
        <TopLine Value="69"/>
        <UsageCount Value="10"/>
      </Unit10>
      <Unit11>
        <Filename Value="SessionUnit.pp"/>
        <UnitName Value="SessionUnit"/>
        <CursorPos X="40" Y="8"/>
        <TopLine Value="1"/>
        <UsageCount Value="10"/>
      </Unit11>
      <Unit12>
        <Filename Value="WebRunTimeInformationUnit.pp"/>
        <UnitName Value="WebRunTimeInformationUnit"/>
        <CursorPos X="55" Y="25"/>
        <TopLine Value="8"/>
        <UsageCount Value="10"/>
      </Unit12>
      <Unit13>
        <Filename Value="WebUploadedFileUnit.pp"/>
        <UnitName Value="WebUploadedFileUnit"/>
        <CursorPos X="20" Y="64"/>
        <TopLine Value="36"/>
        <UsageCount Value="10"/>
      </Unit13>
      <Unit14>
        <Filename Value="ThreadingUnit.pp"/>
        <UnitName Value="ThreadingUnit"/>
        <CursorPos X="50" Y="153"/>
        <TopLine Value="136"/>
        <UsageCount Value="11"/>
      </Unit14>
      <Unit15>
        <Filename Value="BlockingQueueUnit.pp"/>
        <UnitName Value="BlockingQueueUnit"/>
        <CursorPos X="3" Y="86"/>
        <TopLine Value="84"/>
        <UsageCount Value="10"/>
      </Unit15>
      <Unit16>
        <Filename Value="SessionManagerUnit.pp"/>
        <UnitName Value="SessionManagerUnit"/>
        <CursorPos X="3" Y="367"/>
        <TopLine Value="344"/>
        <UsageCount Value="10"/>
      </Unit16>
      <Unit17>
        <Filename Value="XMLNode.pp"/>
        <UnitName Value="XMLNode"/>
        <CursorPos X="1" Y="258"/>
        <TopLine Value="243"/>
        <UsageCount Value="10"/>
      </Unit17>
      <Unit18>
        <Filename Value="AttributeUnit.pp"/>
        <UnitName Value="AttributeUnit"/>
        <CursorPos X="12" Y="400"/>
        <TopLine Value="383"/>
        <UsageCount Value="10"/>
      </Unit18>
      <Unit19>
        <Filename Value="../../../../../../usr/share/fpcsrc/rtl/objpas/classes/classesh.inc"/>
        <CursorPos X="3" Y="565"/>
        <TopLine Value="548"/>
        <UsageCount Value="10"/>
      </Unit19>
      <Unit20>
        <Filename Value="Utility Units/collectionunit.pas"/>
        <UnitName Value="CollectionUnit"/>
        <CursorPos X="1" Y="12"/>
        <TopLine Value="1"/>
        <UsageCount Value="23"/>
      </Unit20>
      <Unit21>
        <Filename Value="WebUnit.pp"/>
        <UnitName Value="WebUnit"/>
        <CursorPos X="1" Y="1"/>
        <TopLine Value="1"/>
        <UsageCount Value="11"/>
      </Unit21>
      <Unit22>
        <Filename Value="GenericCollectionUnit.pp"/>
        <UnitName Value="GenericCollectionUnit"/>
        <CursorPos X="27" Y="32"/>
        <TopLine Value="32"/>
        <UsageCount Value="10"/>
      </Unit22>
      <Unit23>
        <Filename Value="../../../MyUnits/General Purpose Units/genericnamevaluecollectionunit.pp"/>
        <UnitName Value="GenericNameValueCollectionUnit"/>
        <CursorPos X="25" Y="13"/>
        <TopLine Value="1"/>
        <UsageCount Value="20"/>
      </Unit23>
      <Unit24>
        <Filename Value="../../../MyUnits/General Purpose Units/GenericNameValueCollection.pp"/>
        <UnitName Value="GenericNameValueCollectionUnit"/>
        <CursorPos X="47" Y="11"/>
        <TopLine Value="1"/>
        <EditorIndex Value="3"/>
        <UsageCount Value="20"/>
        <Loaded Value="True"/>
      </Unit24>
      <Unit25>
        <Filename Value="Utility Units/GenericNameValueCollection.pp"/>
        <UnitName Value="GenericNameValueCollectionUnit"/>
        <CursorPos X="36" Y="1"/>
        <TopLine Value="1"/>
        <UsageCount Value="10"/>
      </Unit25>
      <Unit26>
        <Filename Value="../../../MyUnits/General Purpose Units/GenericCollectionUnit.pp"/>
        <IsPartOfProject Value="True"/>
        <UnitName Value="GenericCollectionUnit"/>
        <CursorPos X="56" Y="113"/>
        <TopLine Value="103"/>
        <UsageCount Value="20"/>
      </Unit26>
      <Unit27>
        <Filename Value="../../../MyUnits/General Purpose Units/GenericNameValueCollectionUnit.pp"/>
        <IsPartOfProject Value="True"/>
        <UnitName Value="GenericNameValueCollectionUnit"/>
        <CursorPos X="67" Y="21"/>
        <TopLine Value="1"/>
        <UsageCount Value="22"/>
      </Unit27>
      <Unit28>
        <Filename Value="Utility Units/GenericNameValueCollectionUnit.pp"/>
        <UnitName Value="GenericNameValueCollectionUnit"/>
        <CursorPos X="1" Y="1"/>
        <TopLine Value="1"/>
        <UsageCount Value="11"/>
      </Unit28>
      <Unit29>
        <Filename Value="GlobalUnit.pp"/>
        <UnitName Value="GlobalUnit"/>
        <CursorPos X="44" Y="72"/>
        <TopLine Value="63"/>
        <UsageCount Value="11"/>
      </Unit29>
      <Unit30>
        <Filename Value="WebConfigurationUnit.pp"/>
        <UnitName Value="WebConfigurationUnit"/>
        <CursorPos X="1" Y="18"/>
        <TopLine Value="5"/>
        <UsageCount Value="11"/>
      </Unit30>
      <Unit31>
        <Filename Value="ThisProjectGlobalUnit.pp"/>
        <UnitName Value="ThisProjectGlobalUnit"/>
        <CursorPos X="41" Y="14"/>
        <TopLine Value="1"/>
        <UsageCount Value="10"/>
      </Unit31>
      <Unit32>
        <Filename Value="Examples/Web-Dictionary/PSP.conf"/>
        <CursorPos X="26" Y="19"/>
        <TopLine Value="1"/>
        <UsageCount Value="10"/>
        <SyntaxHighlighter Value="None"/>
      </Unit32>
      <Unit33>
        <Filename Value="SemaphoreUnit.pp"/>
        <UnitName Value="SemaphoreUnit"/>
        <CursorPos X="1" Y="1"/>
        <TopLine Value="1"/>
        <UsageCount Value="10"/>
      </Unit33>
    </Units>
    <JumpHistory Count="15" HistoryIndex="14">
      <Position1>
        <Filename Value="PSP.lpr"/>
        <Caret Line="19" Column="34" TopLine="1"/>
      </Position1>
      <Position2>
        <Filename Value="../../../MyUnits/General Purpose Units/GenericNameValueCollection.pp"/>
        <Caret Line="1" Column="6" TopLine="1"/>
      </Position2>
      <Position3>
        <Filename Value="PSP.lpr"/>
        <Caret Line="15" Column="20" TopLine="1"/>
      </Position3>
      <Position4>
        <Filename Value="PSP.lpr"/>
        <Caret Line="16" Column="56" TopLine="1"/>
      </Position4>
      <Position5>
        <Filename Value="WebHeaderUnit.pp"/>
        <Caret Line="15" Column="1" TopLine="15"/>
      </Position5>
      <Position6>
        <Filename Value="WebHeaderUnit.pp"/>
        <Caret Line="49" Column="39" TopLine="35"/>
      </Position6>
      <Position7>
        <Filename Value="WebHeaderUnit.pp"/>
        <Caret Line="102" Column="24" TopLine="88"/>
      </Position7>
      <Position8>
        <Filename Value="WebHeaderUnit.pp"/>
        <Caret Line="114" Column="17" TopLine="88"/>
      </Position8>
      <Position9>
        <Filename Value="WebHeaderUnit.pp"/>
        <Caret Line="1" Column="1" TopLine="1"/>
      </Position9>
      <Position10>
        <Filename Value="WebHeaderUnit.pp"/>
        <Caret Line="49" Column="39" TopLine="35"/>
      </Position10>
      <Position11>
        <Filename Value="WebHeaderUnit.pp"/>
        <Caret Line="102" Column="24" TopLine="88"/>
      </Position11>
      <Position12>
        <Filename Value="WebHeaderUnit.pp"/>
        <Caret Line="114" Column="17" TopLine="88"/>
      </Position12>
      <Position13>
        <Filename Value="PSP.lpr"/>
        <Caret Line="16" Column="43" TopLine="1"/>
      </Position13>
      <Position14>
        <Filename Value="CookieUnit.pp"/>
        <Caret Line="30" Column="67" TopLine="2"/>
      </Position14>
      <Position15>
        <Filename Value="CookieUnit.pp"/>
        <Caret Line="164" Column="49" TopLine="152"/>
      </Position15>
    </JumpHistory>
  </ProjectOptions>
  <CompilerOptions>
    <Version Value="8"/>
    <SearchPaths>
      <IncludeFiles Value="$(ProjOutDir)/"/>
      <OtherUnitFiles Value="Utility Units/;/home/Amir/Project/MyUnits/General Purpose Units/"/>
    </SearchPaths>
    <Linking>
      <Options>
        <Win32>
          <GraphicApplication Value="True"/>
        </Win32>
      </Options>
    </Linking>
    <Other>
      <CompilerPath Value="$(CompPath)"/>
    </Other>
  </CompilerOptions>
  <Debugging>
    <Exceptions Count="3">
      <Item1>
        <Name Value="EAbort"/>
      </Item1>
      <Item2>
        <Name Value="ECodetoolError"/>
      </Item2>
      <Item3>
        <Name Value="EFOpenError"/>
      </Item3>
    </Exceptions>
  </Debugging>
</CONFIG>
